lockfileVersion: '9.0'

settings:
  autoInstallPeers: true
  excludeLinksFromLockfile: false

importers:

  .:
    dependencies:
      '@types/react':
        specifier: ^18.3.2
        version: 18.3.3
      '@types/react-dom':
        specifier: ^18.3.0
        version: 18.3.0
      react:
        specifier: ^18.3.1
        version: 18.3.1
      react-dom:
        specifier: ^18.3.1
        version: 18.3.1(react@18.3.1)
    devDependencies:
      '@umijs/mako':
        specifier: ^0.7.2
        version: 0.7.3
      typescript:
        specifier: ^4.5.4
        version: 4.9.5

packages:

  '@swc/helpers@0.5.1':
    resolution: {integrity: sha512-sJ902EfIzn1Fa+qYmjdQqh8tPsoxyBz+8yBKC2HKUxyezKJFwPGOn7pv4WY6QuQW//ySQi5lJjA/ZT9sNWWNTg==}

  '@types/prop-types@15.7.12':
    resolution: {integrity: sha512-5zvhXYtRNRluoE/jAp4GVsSduVUzNWKkOZrCDBWYtE7biZywwdC2AcEzg+cSMLFRfVgeAFqpfNabiPjxFddV1Q==}

  '@types/react-dom@18.3.0':
    resolution: {integrity: sha512-EhwApuTmMBmXuFOikhQLIBUn6uFg81SwLMOAUgodJF14SOBOCMdU04gDoYi0WOJJHD144TL32z4yDqCW3dnkQg==}

  '@types/react@18.3.3':
    resolution: {integrity: sha512-hti/R0pS0q1/xx+TsI73XIqk26eBsISZ2R0wUijXIngRK9R/e7Xw/cXVxQK7R5JjW+SV4zGcn5hXjudkN/pLIw==}

  '@types/resolve@1.20.6':
    resolution: {integrity: sha512-A4STmOXPhMUtHH+S6ymgE2GiBSMqf4oTvcQZMcHzokuTLVYzXTB8ttjcgxOVaAp2lGwEdzZ0J+cRbbeevQj1UQ==}

  '@umijs/mako-darwin-arm64@0.7.3':
    resolution: {integrity: sha512-Ng8x5dsv2K/5S7Tm1NsY9VyRjG8CfpUt5pJjspXSqH4jmQZAbI0ZLFlTZxbJkgkz33Jbqzx4VGjF6OHsueNdVg==}
    engines: {node: '>= 10'}
    cpu: [arm64]
    os: [darwin]

  '@umijs/mako-darwin-x64@0.7.3':
    resolution: {integrity: sha512-p0QZAVE0Gj1kGR7B6JMaYgsWLBF6kZg+UU/eg/Jr/S1UfatTiPYVIDLrazzQP+JmuOnSmwyqk9i+jsfp8Kj4jQ==}
    engines: {node: '>= 10'}
    cpu: [x64]
    os: [darwin]

  '@umijs/mako-linux-x64-gnu@0.7.3':
    resolution: {integrity: sha512-5qx8ed3eo4kDmloyK3n4clnMWQsxCQn2wtK0xApxGjlXse0+A2CdnBmDOj10GdqzrNhcdeJ0M6bJyJ3evvK+0w==}
    engines: {node: '>= 10'}
    cpu: [x64]
    os: [linux]
    libc: [glibc]

  '@umijs/mako-linux-x64-musl@0.7.3':
    resolution: {integrity: sha512-0yiT5cnSvLySMgKY52q8kr79Vi5Tg2nfcJFOtku+4u4tRY0UZZry0WiU7v3XAGfElVPper6caWwBf8zTYhl7ww==}
    engines: {node: '>= 10'}
    cpu: [x64]
    os: [linux]
    libc: [musl]

  '@umijs/mako@0.7.3':
    resolution: {integrity: sha512-QCtdKgYs9eVx629g5XoC9/29GrNWcDR4PEl45pH1ygMyFaEqgVK2YoeSNiSLv8qqJZ4+kgH/fSOBipvBs782BA==}
    engines: {node: '>= 16'}
    hasBin: true

  ansi-styles@4.3.0:
    resolution: {integrity: sha1-7dgDYornHATIWuegkG7a00tkiTc=}
    engines: {node: '>=8'}

  asn1.js@4.10.1:
    resolution: {integrity: sha1-ucK/WAXx5kqt7tbfOiv6+1pz9aA=}

  assert-okam@1.5.0:
    resolution: {integrity: sha512-pchhPo40i8GsTj/7h6P8LSSzwRErnh2nCEiwXNTxy4VYw6lSesSac4rTKqwsA+fOZdj6FT81Mb9U1vIZEua1EQ==}

  base64-js@1.5.1:
    resolution: {integrity: sha1-GxtEAWClv3rUC2UPCVljSBkDkwo=}

  bn.js@4.12.0:
    resolution: {integrity: sha1-d1s/J477uXGO7HNh9IP7Nvu/6og=}

  bn.js@5.2.1:
    resolution: {integrity: sha512-eXRvHzWyYPBuB4NBy0cmYQjGitUrtqwbvlzP3G6VFnNRbsZQIxQ10PbKKHt8gZ/HW/D/747aDl+QkDqg3KQLMQ==}

  brorand@1.1.0:
    resolution: {integrity: sha1-EsJe/kCkXjwyPrhnWgoM5XsiNx8=}

  browserify-aes@1.2.0:
    resolution: {integrity: sha1-Mmc0ZC9APavDADIJhTu3CtQo70g=}

  browserify-cipher@1.0.1:
    resolution: {integrity: sha1-jWR0wbhwv9q807z8wZNKEOlPFfA=}

  browserify-des@1.0.2:
    resolution: {integrity: sha1-OvTx9Zg5QDVy8cZiBDdfen9wPpw=}

  browserify-rsa@4.1.0:
    resolution: {integrity: sha1-sv0Gtbda4pf3zi3GUfkY9b4VjI0=}

  browserify-sign@4.2.3:
    resolution: {integrity: sha512-JWCZW6SKhfhjJxO8Tyiiy+XYB7cqd2S5/+WeYHsKdNKFlCBhKbblba1A/HN/90YwtxKc8tCErjffZl++UNmGiw==}
    engines: {node: '>= 0.12'}

  browserify-zlib@0.2.0:
    resolution: {integrity: sha1-KGlFnZqjviRf6P4sofRuLn9U1z8=}

  buffer-okam@4.9.2:
    resolution: {integrity: sha512-t+vozme+an7flUs6GXHGMiP3PdodTse1NgRHSDWioIFJAtmMlj3pj7qD20Mkr9hZy0+9HA4R0xcumpMewrRdZQ==}

  buffer-xor@1.0.3:
    resolution: {integrity: sha1-JuYe0UIvtw3ULm42cp7VHYVf6Nk=}

  builtin-status-codes@3.0.0:
    resolution: {integrity: sha1-hZgoeOIbmOHGZCXgPQF0eI9Wnug=}

  call-bind@1.0.7:
    resolution: {integrity: sha512-GHTSNSYICQ7scH7sZ+M2rFopRoLh8t2bLSW6BbgrtLsahOIB5iyAVJf9GjWK3cYTDaMj4XdBpM1cA6pIS0Kv2w==}
    engines: {node: '>= 0.4'}

  chalk@4.1.2:
    resolution: {integrity: sha1-qsTit3NKdAhnrrFr8CqtVWoeegE=}
    engines: {node: '>=10'}

  cipher-base@1.0.4:
    resolution: {integrity: sha1-h2Dk7MJy9MNjUy+SbYdKriwTl94=}

  color-convert@2.0.1:
    resolution: {integrity: sha1-ctOmjVmMm9s68q0ehPIdiWq9TeM=}
    engines: {node: '>=7.0.0'}

  color-name@1.1.4:
    resolution: {integrity: sha1-wqCah6y95pVD3m9j+jmVyCbFNqI=}

  console-browserify@1.2.0:
    resolution: {integrity: sha1-ZwY871fOts9Jk6KrOlWECujEkzY=}

  constants-browserify@1.0.0:
    resolution: {integrity: sha1-wguW2MYXdIqvHBYCF2DNJ/y4y3U=}

  copy-anything@2.0.6:
    resolution: {integrity: sha512-1j20GZTsvKNkc4BY3NpMOM8tt///wY3FpIzozTOFO2ffuZcV61nojHXVKIy3WM+7ADCy5FVhdZYHYDdgTU0yJw==}

  core-util-is@1.0.3:
    resolution: {integrity: sha1-pgQtNjTCsn6TKPg3uWX6yDgI24U=}

  create-ecdh@4.0.4:
    resolution: {integrity: sha1-1uf0v/pmc2CFoHYv06YyaE2rzE4=}

  create-hash@1.2.0:
    resolution: {integrity: sha1-iJB4rxGmN1a8+1m9IhmWvjqe8ZY=}

  create-hmac@1.1.7:
    resolution: {integrity: sha1-aRcMeLOrlXFHsriwRXLkfq0iQ/8=}

  crypto-browserify@3.12.0:
    resolution: {integrity: sha1-OWz58xN/A+S45TLFj2mCVOAPgOw=}

  csstype@3.1.3:
    resolution: {integrity: sha512-M1uQkMl8rQK/szD0LNhtqxIPLpimGm8sOBwU7lLnCpSbTyY3yeU1Vc7l4KT5zT4s/yOxHH5O7tIuuLOCnLADRw==}

  define-data-property@1.1.4:
    resolution: {integrity: sha512-rBMvIzlpA8v6E+SJZoo++HAYqsLrkg7MSfIinMPFhmkorw7X+dOXVJQs+QT69zGkzMyfDnIMN2Wid1+NbL3T+A==}
    engines: {node: '>= 0.4'}

  des.js@1.1.0:
    resolution: {integrity: sha512-r17GxjhUCjSRy8aiJpr8/UadFIzMzJGexI3Nmz4ADi9LYSFx4gTBp80+NaX/YsXWWLhpZ7v/v/ubEc/bCNfKwg==}

  diffie-hellman@5.0.3:
    resolution: {integrity: sha1-QOjumPVaIUlgcUaSHGPhrl89KHU=}

  domain-browser@1.2.0:
    resolution: {integrity: sha1-PTH1AZGmdJ3RN1p/Ui6CPULlTto=}
    engines: {node: '>=0.4', npm: '>=1.2'}

  elliptic@6.5.5:
    resolution: {integrity: sha512-7EjbcmUm17NQFu4Pmgmq2olYMj8nwMnpcddByChSUjArp8F5DQWcIcpriwO4ZToLNAJig0yiyjswfyGNje/ixw==}

  enhanced-resolve@5.17.0:
    resolution: {integrity: sha512-dwDPwZL0dmye8Txp2gzFmA6sxALaSvdRDjPH0viLcKrtlOL3tw62nWWweVD1SdILDTJrbrL6tdWVN58Wo6U3eA==}
    engines: {node: '>=10.13.0'}

  errno@0.1.8:
    resolution: {integrity: sha1-i7Ppx9Rjvkl2/4iPdrSAnrwugR8=}
    hasBin: true

  es-define-property@1.0.0:
    resolution: {integrity: sha512-jxayLKShrEqqzJ0eumQbVhTYQM27CfT1T35+gCgDFoL82JLsXqTJ76zv6A0YLOgEnLUMvLzsDsGIrl8NFpT2gQ==}
    engines: {node: '>= 0.4'}

  es-errors@1.3.0:
    resolution: {integrity: sha512-Zf5H2Kxt2xjTvbJvP2ZWLEICxA6j+hAmMzIlypy4xcBg1vKVnx89Wy0GbS+kf5cwCVFFzdCFh2XSCFNULS6csw==}
    engines: {node: '>= 0.4'}

  events-okam@3.3.0:
    resolution: {integrity: sha512-6iR7z9hAJEwrT+D2Ywg6Fx62HSmN86OlcvPdrnq1JBeFr30dMF6l+j7M3VabjHfIi2KMtF8rO0J1rIZEfwMAwg==}
    engines: {node: '>=0.8.x'}

  evp_bytestokey@1.0.3:
    resolution: {integrity: sha1-f8vbGY3HGVlDLv4ThCaE4FJaywI=}

  function-bind@1.1.2:
    resolution: {integrity: sha512-7XHNxH7qX9xG5mIwxkhumTox/MIRNcOgDrxWsMt2pAr23WHp6MrRlN7FBSFpCpr+oVO0F744iUgR82nJMfG2SA==}

  get-intrinsic@1.2.4:
    resolution: {integrity: sha512-5uYhsJH8VJBTv7oslg4BznJYhDoRI6waYCxMmCdnTrcCrHA/fCFKoTFz2JKKE0HdDFUF7/oQuhzumXJK7paBRQ==}
    engines: {node: '>= 0.4'}

  gopd@1.0.1:
    resolution: {integrity: sha512-d65bNlIadxvpb/A2abVdlqKqV563juRnZ1Wtk6s1sIR8uNsXR70xqIzVqxVf1eTqDunwT2MkczEeaezCKTZhwA==}

  graceful-fs@4.2.11:
    resolution: {integrity: sha512-RbJ5/jmFcNNCcDV5o9eTnBLJ/HszWV0P73bc+Ff4nS/rJj+YaS6IGyiOL0VoBYX+l1Wrl3k63h/KrH+nhJ0XvQ==}

  has-flag@4.0.0:
    resolution: {integrity: sha1-lEdx/ZyByBJlxNaUGGDaBrtZR5s=}
    engines: {node: '>=8'}

  has-property-descriptors@1.0.2:
    resolution: {integrity: sha512-55JNKuIW+vq4Ke1BjOTjM2YctQIvCT7GFzHwmfZPGo5wnrgkid0YQtnAleFSqumZm4az3n2BS+erby5ipJdgrg==}

  has-proto@1.0.3:
    resolution: {integrity: sha512-SJ1amZAJUiZS+PhsVLf5tGydlaVB8EdFpaSO4gmiUKUOxk8qzn5AIy4ZeJUmh22znIdk/uMAUT2pl3FxzVUH+Q==}
    engines: {node: '>= 0.4'}

  has-symbols@1.0.3:
    resolution: {integrity: sha512-l3LCuF6MgDNwTDKkdYGEihYjt5pRPbEg46rtlmnSPlUbgmB8LOIrKJbYYFBSbnPaJexMKtiPO8hmeRjRz2Td+A==}
    engines: {node: '>= 0.4'}

  hash-base@3.0.4:
    resolution: {integrity: sha1-X8hoaEfs1zSZQDMZprCj8/auSRg=}
    engines: {node: '>=4'}

  hash-base@3.1.0:
    resolution: {integrity: sha1-VcOB2eBuHSmXqIO0o/3f5/DTrzM=}
    engines: {node: '>=4'}

  hash.js@1.1.7:
    resolution: {integrity: sha1-C6vKU46NTuSg+JiNaIZlN6ADz0I=}

  hasown@2.0.2:
    resolution: {integrity: sha512-0hJU9SCPvmMzIBdZFqNPXWa6dqh7WdH0cII9y+CyS8rG3nL48Bclra9HmKhVVUHyPWNH5Y7xDwAB7bfgSjkUMQ==}
    engines: {node: '>= 0.4'}

  hmac-drbg@1.0.1:
    resolution: {integrity: sha1-0nRXAQJabHdabFRXk+1QL8DGSaE=}

  https-browserify@1.0.0:
    resolution: {integrity: sha1-7AbBDgo0wPL68Zn3/X/Hj//QPHM=}

  iconv-lite@0.6.3:
    resolution: {integrity: sha1-pS+AvzjaGVLrXGgXkHGYcaGnJQE=}
    engines: {node: '>=0.10.0'}

  ieee754@1.2.1:
    resolution: {integrity: sha1-jrehCmP/8l0VpXsAFYbRd9Gw01I=}

  image-size@0.5.5:
    resolution: {integrity: sha1-Cd/Uq50g4p6xw+gLiZA3jfnjy5w=}
    engines: {node: '>=0.10.0'}
    hasBin: true

  inherits@2.0.1:
    resolution: {integrity: sha1-sX0I0ya0Qj5Wjv9xn5GwscvfafE=}

  inherits@2.0.3:
    resolution: {integrity: sha1-Yzwsg+PaQqUC9SRmAiSA9CCCYd4=}

  inherits@2.0.4:
    resolution: {integrity: sha1-D6LGT5MpF8NDOg3tVTY6rjdBa3w=}

  is-core-module@2.14.0:
    resolution: {integrity: sha512-a5dFJih5ZLYlRtDc0dZWP7RiKr6xIKzmn/oAYCDvdLThadVgyJwlaoQPmRtMSpz+rk0OGAgIu+TcM9HUF0fk1A==}
    engines: {node: '>= 0.4'}

  is-what@3.14.1:
    resolution: {integrity: sha1-4SIvRt3ahd6tD9HJ3xMXYOd3VcE=}

  isarray@1.0.0:
    resolution: {integrity: sha1-u5NdSFgsuhaMBoNJV6VKPgcSTxE=}

  js-tokens@4.0.0:
    resolution: {integrity: sha1-GSA/tZmR35jjoocFDUZHzerzJJk=}

  less-plugin-resolve@1.0.2:
    resolution: {integrity: sha512-e1AHq0XNTU8S3d9JCc8CFYajoUBr0EK3pcuLT5PogyBBeE0knzZJL105kKKSZWfq2lQLq3/uEDrMK3JPq+fHaA==}

  less@4.2.0:
    resolution: {integrity: sha512-P3b3HJDBtSzsXUl0im2L7gTO5Ubg8mEN6G8qoTS77iXxXX4Hvu4Qj540PZDvQ8V6DmX6iXo98k7Md0Cm1PrLaA==}
    engines: {node: '>=6'}
    hasBin: true

  lodash@4.17.21:
    resolution: {integrity: sha1-Z5WRxWTDv/quhFTPCz3zcMPWkRw=}

  loose-envify@1.4.0:
    resolution: {integrity: sha1-ce5R+nvkyuwaY4OffmgtgTLTDK8=}
    hasBin: true

  make-dir@2.1.0:
    resolution: {integrity: sha1-XwMQ4YuL6JjMBwCSlaMK5B6R5vU=}
    engines: {node: '>=6'}

  md5.js@1.3.5:
    resolution: {integrity: sha1-tdB7jjIW4+J81yjXL3DR5qNCAF8=}

  miller-rabin@4.0.1:
    resolution: {integrity: sha1-8IA1HIZbDcViqEYpZtqlNUPHik0=}
    hasBin: true

  mime@1.6.0:
    resolution: {integrity: sha1-Ms2eXGRVO9WNGaVor0Uqz/BJgbE=}
    engines: {node: '>=4'}
    hasBin: true

  minimalistic-assert@1.0.1:
    resolution: {integrity: sha1-LhlN4ERibUoQ5/f7wAznPoPk1cc=}

  minimalistic-crypto-utils@1.0.1:
    resolution: {integrity: sha1-9sAMHAsIIkblxNmd+4x8CDsrWCo=}

  needle@3.3.1:
    resolution: {integrity: sha512-6k0YULvhpw+RoLNiQCRKOl09Rv1dPLr8hHnVjHqdolKwDrdNyk+Hmrthi4lIGPPz3r39dLx0hsF5s40sZ3Us4Q==}
    engines: {node: '>= 4.4.x'}
    hasBin: true

  nice-napi@1.0.2:
    resolution: {integrity: sha512-px/KnJAJZf5RuBGcfD+Sp2pAKq0ytz8j+1NehvgIGFkvtvFrDM3T8E4x/JJODXK9WZow8RRGrbA9QQ3hs+pDhA==}
    os: ['!win32']

  node-addon-api@3.2.1:
    resolution: {integrity: sha1-gTJeCiEXeJwBKNq2Xn448HzroWE=}

  node-gyp-build@4.8.1:
    resolution: {integrity: sha512-OSs33Z9yWr148JZcbZd5WiAXhh/n9z8TxQcdMhIOlpN9AhWpLfvVFO73+m77bBABQMaY9XSvIa+qk0jlI7Gcaw==}
    hasBin: true

  node-libs-browser-okam@2.2.5:
    resolution: {integrity: sha512-kD+WXACEThc6C5DA146KoCNbubjpXeYzXDrukvtXWr6MRzV3uvHCI0eb/GuugWVYnMoD4g3/uaIzvDYOpC4QWw==}

  object-assign@4.1.1:
    resolution: {integrity: sha1-IQmtx5ZYh8/AXLvUQsrIv7s2CGM=}
    engines: {node: '>=0.10.0'}

  object-inspect@1.13.2:
    resolution: {integrity: sha512-IRZSRuzJiynemAXPYtPe5BoI/RESNYR7TYm50MC5Mqbd3Jmw5y790sErYw3V6SryFJD64b74qQQs9wn5Bg/k3g==}
    engines: {node: '>= 0.4'}

  os-browserify@0.3.0:
    resolution: {integrity: sha1-hUNzx/XCMVkU/Jv8a9gjj92h7Cc=}

  pako@1.0.11:
    resolution: {integrity: sha1-bJWZ00DVTf05RjgCUqNXBaa5kr8=}

  parse-asn1@5.1.7:
    resolution: {integrity: sha512-CTM5kuWR3sx9IFamcl5ErfPl6ea/N8IYwiJ+vpeB2g+1iknv7zBl5uPwbMbRVznRVbrNY6lGuDoE5b30grmbqg==}
    engines: {node: '>= 0.10'}

  parse-node-version@1.0.1:
    resolution: {integrity: sha1-4rXb7eAOf6m8NjYH9TMn6LBzGJs=}
    engines: {node: '>= 0.10'}

  path-browserify@0.0.1:
    resolution: {integrity: sha1-5sTd1+06onxoogzE5Q4aTug7vEo=}

  path-parse@1.0.7:
    resolution: {integrity: sha1-+8EUtgykKzDZ2vWFjkvWi77bZzU=}

  pbkdf2@3.1.2:
    resolution: {integrity: sha1-3YIqoIh1gOUvGgOdw+2hCO+uMHU=}
    engines: {node: '>=0.12'}

  pify@4.0.1:
    resolution: {integrity: sha1-SyzSXFDVmHNcUCkiJP2MbfQeMjE=}
    engines: {node: '>=6'}

  piscina@4.6.1:
    resolution: {integrity: sha512-z30AwWGtQE+Apr+2WBZensP2lIvwoaMcOPkQlIEmSGMJNUvaYACylPYrQM6wSdUNJlnDVMSpLv7xTMJqlVshOA==}

  process-nextick-args@2.0.1:
    resolution: {integrity: sha1-eCDZsWEgzFXKmud5JoCufbptf+I=}

  process-okam@0.11.10:
    resolution: {integrity: sha512-p8e5nl6/OCeMalVb9dSojND5B9m/nq64WsyUfRmrTdLMKcNYcDN++/2I8WV1mTQDqrh2PQ6tIIb2A7/A38eSvw==}
    engines: {node: '>= 0.6.0'}

  prr@1.0.1:
    resolution: {integrity: sha1-0/wRS6BplaRexok/SEzrHXj19HY=}

  public-encrypt@4.0.3:
    resolution: {integrity: sha1-T8ydd6B+SLp1J+fL4N4z0HATMeA=}

  punycode-okam@1.4.1:
    resolution: {integrity: sha512-e4mSfzGfrVBJmhjp+8PHjXIz5WrvEEWB2FT+RJ6YS/ozGttTcnocuj0CtMo3dujWYe2708bTd79zeIrKBtRzCg==}

  punycode@1.4.1:
    resolution: {integrity: sha1-wNWmOycYgArY4esPpSachN1BhF4=}

  qs@6.12.1:
    resolution: {integrity: sha512-zWmv4RSuB9r2mYQw3zxQuHWeU+42aKi1wWig/j4ele4ygELZ7PEO6MM7rim9oAQH2A5MWfsAVf/jPvTPgCbvUQ==}
    engines: {node: '>=0.6'}

  querystring-es3@0.2.1:
    resolution: {integrity: sha1-nsYfeQSYdXB9aUFFlv2Qek1xHnM=}
    engines: {node: '>=0.4.x'}

  randombytes@2.1.0:
    resolution: {integrity: sha1-32+ENy8CcNxlzfYpE0mrekc9Tyo=}

  randomfill@1.0.4:
    resolution: {integrity: sha1-ySGW/IarQr6YPxvzF3giSTHWFFg=}

  react-dom@18.3.1:
    resolution: {integrity: sha512-5m4nQKp+rZRb09LNH59GM4BxTh9251/ylbKIbpe7TpGxfJ+9kv6BLkLBXIjjspbgbnIBNqlI23tRnTWT0snUIw==}
    peerDependencies:
      react: ^18.3.1

  react-error-overlay@6.0.9:
    resolution: {integrity: sha1-PHQwEMk1lgjDdezWvHbzXZOZWwo=}

  react-refresh@0.14.2:
    resolution: {integrity: sha512-jCvmsr+1IUSMUyzOkRcvnVbX3ZYC6g9TDrDbFuFmRDq7PD4yaGbLKNQL6k2jnArV8hjYxh7hVhAZB6s9HDGpZA==}
    engines: {node: '>=0.10.0'}

  react@18.3.1:
    resolution: {integrity: sha512-wS+hAgJShR0KhEvPJArfuPVN1+Hz1t0Y6n5jLrGQbkb4urgPE/0Rve+1kMB1v/oWgHgm4WIcV+i7F2pTVj+2iQ==}
    engines: {node: '>=0.10.0'}

  readable-stream@2.3.8:
    resolution: {integrity: sha512-8p0AUk4XODgIewSi0l8Epjs+EVnWiK7NoDIEGU0HhE7+ZyY8D1IMY7odu5lRrFXGg71L15KG8QrPmum45RTtdA==}

  readable-stream@3.6.2:
    resolution: {integrity: sha512-9u/sniCrY3D5WdsERHzHE4G2YCXqoG5FTHUiCC4SIbr6XcLZBY05ya9EKjYek9O5xOAwjGq+1JdGBAS7Q9ScoA==}
    engines: {node: '>= 6'}

  resolve@1.22.8:
    resolution: {integrity: sha512-oKWePCxqpd6FlLvGV1VU0x7bkPmmCNolxzjMf4NczoDnQcIWrAF+cPtZn5i6n+RfD2d9i0tzpKnG6Yk168yIyw==}
    hasBin: true

  ripemd160@2.0.2:
    resolution: {integrity: sha1-ocGm9iR1FXe6XQeRTLyShQWFiQw=}

  safe-buffer@5.1.2:
    resolution: {integrity: sha1-mR7GnSluAxN0fVm9/St0XDX4go0=}

  safe-buffer@5.2.1:
    resolution: {integrity: sha1-Hq+fqb2x/dTsdfWPnNtOa3gn7sY=}

  safer-buffer@2.1.2:
    resolution: {integrity: sha1-RPoWGwGHuVSd2Eu5GAL5vYOFzWo=}

  sax@1.4.1:
    resolution: {integrity: sha512-+aWOz7yVScEGoKNd4PA10LZ8sk0A/z5+nXQG5giUO5rprX9jgYsTdov9qCchZiPIZezbZH+jRut8nPodFAX4Jg==}

  scheduler@0.23.2:
    resolution: {integrity: sha512-UOShsPwz7NrMUqhR6t0hWjFduvOzbtv7toDH1/hIrfRNIDBnnBWd0CwJTGvTpngVlmwGCdP9/Zl/tVrDqcuYzQ==}

  semver@5.7.2:
    resolution: {integrity: sha512-cBznnQ9KjJqU67B52RMC65CMarK2600WFnbkcaiwWq3xy/5haFJlshgnpjovMVJ+Hff49d8GEn0b87C5pDQ10g==}
    hasBin: true

  semver@7.6.2:
    resolution: {integrity: sha512-FNAIBWCx9qcRhoHcgcJ0gvU7SN1lYU2ZXuSfl04bSC5OpvDHFyJCjdNHomPXxjQlCBU67YW64PzY7/VIEH7F2w==}
    engines: {node: '>=10'}
    hasBin: true

  set-function-length@1.2.2:
    resolution: {integrity: sha512-pgRc4hJ4/sNjWCSS9AmnS40x3bNMDTknHgL5UaMBTMyJnU90EgWh1Rz+MC9eFu4BuN/UwZjKQuY/1v3rM7HMfg==}
    engines: {node: '>= 0.4'}

  setimmediate@1.0.5:
    resolution: {integrity: sha1-KQy7Iy4waULX1+qbg3Mqt4VvgoU=}

  sha.js@2.4.11:
    resolution: {integrity: sha1-N6XPC4HsvGlD3hCbopYNGyZYSuc=}
    hasBin: true

  side-channel@1.0.6:
    resolution: {integrity: sha512-fDW/EZ6Q9RiO8eFG8Hj+7u/oW+XrPTIChwCOM2+th2A6OblDtYYIpve9m+KvI9Z4C9qSEXlaGR6bTEYHReuglA==}
    engines: {node: '>= 0.4'}

  source-map@0.6.1:
    resolution: {integrity: sha1-dHIq8y6WFOnCh6jQu95IteLxomM=}
    engines: {node: '>=0.10.0'}

  stream-browserify@2.0.2:
    resolution: {integrity: sha1-h1IdOKRKp+6RzhzSpH3wy0ndZgs=}

  stream-http@2.8.3:
    resolution: {integrity: sha1-stJCRpKIpaJ+xP6JM6z2I95lFPw=}

  string_decoder-okam@1.3.0:
    resolution: {integrity: sha512-N5lJgLJ02sIs9xNyqPgIywlGaLUW6s5cYRpnmM3gbfhGA3sggW0+E2go26D7oZgEH7jHpXDe+ArDrBXeCaP9QA==}

  string_decoder@1.1.1:
    resolution: {integrity: sha1-nPFhG6YmhdcDCunkujQUnDrwP8g=}

  string_decoder@1.3.0:
    resolution: {integrity: sha1-QvEUWUpGzxqOMLCoT1bHjD7awh4=}

  supports-color@7.2.0:
    resolution: {integrity: sha1-G33NyzK4E4gBs+R4umpRyqiWSNo=}
    engines: {node: '>=8'}

  supports-preserve-symlinks-flag@1.0.0:
    resolution: {integrity: sha512-ot0WnXS9fgdkgIcePe6RHNk1WA8+muPa6cSjeR3V8K27q9BB1rTE3R1p7Hv0z1ZyAc8s6Vvv8DIyWf681MAt0w==}
    engines: {node: '>= 0.4'}

  tapable@2.2.1:
    resolution: {integrity: sha1-GWenPvQGCoLxKrlq+G1S/bdu7KA=}
    engines: {node: '>=6'}

  timers-browserify@2.0.12:
    resolution: {integrity: sha1-RKRcEfv0B/NPl7zNFXfGUjYbAO4=}
    engines: {node: '>=0.6.0'}

  to-arraybuffer@1.0.1:
    resolution: {integrity: sha1-fSKbH8xjfkZsoIEYCDanqr/4P0M=}

  tslib@2.6.3:
    resolution: {integrity: sha512-xNvxJEOUiWPGhUuUdQgAJPKOOJfGnIyKySOc09XkKsgdUV/3E2zvwZYdejjmRgPCgcym1juLH3226yA7sEFJKQ==}

  tty-browserify@0.0.0:
    resolution: {integrity: sha1-oVe6QC2iTpv5V/mqadUk7tQpAaY=}

  typescript@4.9.5:
    resolution: {integrity: sha512-1FXk9E2Hm+QzZQ7z+McJiHL4NW1F2EzMu9Nq9i3zAaGqibafqYwCVU6WyWAuyQRRzOlxou8xZSyXLEN8oKj24g==}
    engines: {node: '>=4.2.0'}
    hasBin: true

  url-okam@0.11.1:
    resolution: {integrity: sha512-AM6OVeZNwKiirK3IwKxHuopgjX1jB0F8srK9OlCXN+wdmTNg6vgnN9xyQ5abhxq8Oj/kTleLU8OCfZ1FaEW37w==}

  util-deprecate@1.0.2:
    resolution: {integrity: sha1-RQ1Nyfpw3nMnYvvS1KKJgUGaDM8=}

  util-okam@0.11.1:
    resolution: {integrity: sha512-e2bG47F03vYx2MbA6znK6t6dwffnXGsVzh8BLpi0pcQ7dDRQf0zSAQ9IR7M+aoozALNibw8eCY53gEK8bBpSjg==}

  util@0.10.3:
    resolution: {integrity: sha1-evsa/lCAUkZInj23/g7TeTNqwPk=}

  vm-browserify@1.1.2:
    resolution: {integrity: sha1-eGQcSIuObKkadfUR56OzKobl3aA=}

  xtend@4.0.2:
    resolution: {integrity: sha1-u3J3n1+kZRhrH0OPZ0+jR/2121Q=}
    engines: {node: '>=0.4'}

  yargs-parser@21.1.1:
    resolution: {integrity: sha512-tVpsJW7DdjecAiFpbIB1e3qxIQsE6NoPc5/eTdrbbIC4h0LVsWhnoa3g+m2HclBIujHzsxZ4VJVA+GUuc2/LBw==}
    engines: {node: '>=12'}

snapshots:

  '@swc/helpers@0.5.1':
    dependencies:
      tslib: 2.6.3

  '@types/prop-types@15.7.12': {}

  '@types/react-dom@18.3.0':
    dependencies:
      '@types/react': 18.3.3

  '@types/react@18.3.3':
    dependencies:
      '@types/prop-types': 15.7.12
      csstype: 3.1.3

  '@types/resolve@1.20.6': {}

  '@umijs/mako-darwin-arm64@0.7.3':
    optional: true

  '@umijs/mako-darwin-x64@0.7.3':
    optional: true

  '@umijs/mako-linux-x64-gnu@0.7.3':
    optional: true

  '@umijs/mako-linux-x64-musl@0.7.3':
    optional: true

  '@umijs/mako@0.7.3':
    dependencies:
      '@swc/helpers': 0.5.1
      '@types/resolve': 1.20.6
      chalk: 4.1.2
      less: 4.2.0
      less-plugin-resolve: 1.0.2
      lodash: 4.17.21
      node-libs-browser-okam: 2.2.5
      piscina: 4.6.1
      react-error-overlay: 6.0.9
      react-refresh: 0.14.2
      resolve: 1.22.8
      semver: 7.6.2
      yargs-parser: 21.1.1
    optionalDependencies:
      '@umijs/mako-darwin-arm64': 0.7.3
      '@umijs/mako-darwin-x64': 0.7.3
      '@umijs/mako-linux-x64-gnu': 0.7.3
      '@umijs/mako-linux-x64-musl': 0.7.3

  ansi-styles@4.3.0:
    dependencies:
      color-convert: 2.0.1

  asn1.js@4.10.1:
    dependencies:
      bn.js: 4.12.0
      inherits: 2.0.4
      minimalistic-assert: 1.0.1

  assert-okam@1.5.0:
    dependencies:
      object-assign: 4.1.1
      util: 0.10.3

  base64-js@1.5.1: {}

  bn.js@4.12.0: {}

  bn.js@5.2.1: {}

  brorand@1.1.0: {}

  browserify-aes@1.2.0:
    dependencies:
      buffer-xor: 1.0.3
      cipher-base: 1.0.4
      create-hash: 1.2.0
      evp_bytestokey: 1.0.3
      inherits: 2.0.4
      safe-buffer: 5.2.1

  browserify-cipher@1.0.1:
    dependencies:
      browserify-aes: 1.2.0
      browserify-des: 1.0.2
      evp_bytestokey: 1.0.3

  browserify-des@1.0.2:
    dependencies:
      cipher-base: 1.0.4
      des.js: 1.1.0
      inherits: 2.0.4
      safe-buffer: 5.2.1

  browserify-rsa@4.1.0:
    dependencies:
      bn.js: 5.2.1
      randombytes: 2.1.0

  browserify-sign@4.2.3:
    dependencies:
      bn.js: 5.2.1
      browserify-rsa: 4.1.0
      create-hash: 1.2.0
      create-hmac: 1.1.7
      elliptic: 6.5.5
      hash-base: 3.0.4
      inherits: 2.0.4
      parse-asn1: 5.1.7
      readable-stream: 2.3.8
      safe-buffer: 5.2.1

  browserify-zlib@0.2.0:
    dependencies:
      pako: 1.0.11

  buffer-okam@4.9.2:
    dependencies:
      base64-js: 1.5.1
      ieee754: 1.2.1
      isarray: 1.0.0

  buffer-xor@1.0.3: {}

  builtin-status-codes@3.0.0: {}

  call-bind@1.0.7:
    dependencies:
      es-define-property: 1.0.0
      es-errors: 1.3.0
      function-bind: 1.1.2
      get-intrinsic: 1.2.4
      set-function-length: 1.2.2

  chalk@4.1.2:
    dependencies:
      ansi-styles: 4.3.0
      supports-color: 7.2.0

  cipher-base@1.0.4:
    dependencies:
      inherits: 2.0.4
      safe-buffer: 5.2.1

  color-convert@2.0.1:
    dependencies:
      color-name: 1.1.4

  color-name@1.1.4: {}

  console-browserify@1.2.0: {}

  constants-browserify@1.0.0: {}

  copy-anything@2.0.6:
    dependencies:
      is-what: 3.14.1

  core-util-is@1.0.3: {}

  create-ecdh@4.0.4:
    dependencies:
      bn.js: 4.12.0
      elliptic: 6.5.5

  create-hash@1.2.0:
    dependencies:
      cipher-base: 1.0.4
      inherits: 2.0.4
      md5.js: 1.3.5
      ripemd160: 2.0.2
      sha.js: 2.4.11

  create-hmac@1.1.7:
    dependencies:
      cipher-base: 1.0.4
      create-hash: 1.2.0
      inherits: 2.0.4
      ripemd160: 2.0.2
      safe-buffer: 5.2.1
      sha.js: 2.4.11

  crypto-browserify@3.12.0:
    dependencies:
      browserify-cipher: 1.0.1
      browserify-sign: 4.2.3
      create-ecdh: 4.0.4
      create-hash: 1.2.0
      create-hmac: 1.1.7
      diffie-hellman: 5.0.3
      inherits: 2.0.4
      pbkdf2: 3.1.2
      public-encrypt: 4.0.3
      randombytes: 2.1.0
      randomfill: 1.0.4

  csstype@3.1.3: {}

  define-data-property@1.1.4:
    dependencies:
      es-define-property: 1.0.0
      es-errors: 1.3.0
      gopd: 1.0.1

  des.js@1.1.0:
    dependencies:
      inherits: 2.0.4
      minimalistic-assert: 1.0.1

  diffie-hellman@5.0.3:
    dependencies:
      bn.js: 4.12.0
      miller-rabin: 4.0.1
      randombytes: 2.1.0

  domain-browser@1.2.0: {}

  elliptic@6.5.5:
    dependencies:
      bn.js: 4.12.0
      brorand: 1.1.0
      hash.js: 1.1.7
      hmac-drbg: 1.0.1
      inherits: 2.0.4
      minimalistic-assert: 1.0.1
      minimalistic-crypto-utils: 1.0.1

  enhanced-resolve@5.17.0:
    dependencies:
      graceful-fs: 4.2.11
      tapable: 2.2.1

  errno@0.1.8:
    dependencies:
      prr: 1.0.1
    optional: true

  es-define-property@1.0.0:
    dependencies:
      get-intrinsic: 1.2.4

  es-errors@1.3.0: {}

  events-okam@3.3.0: {}

  evp_bytestokey@1.0.3:
    dependencies:
      md5.js: 1.3.5
      safe-buffer: 5.2.1

  function-bind@1.1.2: {}

  get-intrinsic@1.2.4:
    dependencies:
      es-errors: 1.3.0
      function-bind: 1.1.2
      has-proto: 1.0.3
      has-symbols: 1.0.3
      hasown: 2.0.2

  gopd@1.0.1:
    dependencies:
      get-intrinsic: 1.2.4

  graceful-fs@4.2.11: {}

  has-flag@4.0.0: {}

  has-property-descriptors@1.0.2:
    dependencies:
      es-define-property: 1.0.0

  has-proto@1.0.3: {}

  has-symbols@1.0.3: {}

  hash-base@3.0.4:
    dependencies:
      inherits: 2.0.4
      safe-buffer: 5.2.1

  hash-base@3.1.0:
    dependencies:
      inherits: 2.0.4
      readable-stream: 3.6.2
      safe-buffer: 5.2.1

  hash.js@1.1.7:
    dependencies:
      inherits: 2.0.4
      minimalistic-assert: 1.0.1

  hasown@2.0.2:
    dependencies:
      function-bind: 1.1.2

  hmac-drbg@1.0.1:
    dependencies:
      hash.js: 1.1.7
      minimalistic-assert: 1.0.1
      minimalistic-crypto-utils: 1.0.1

  https-browserify@1.0.0: {}

  iconv-lite@0.6.3:
    dependencies:
      safer-buffer: 2.1.2
    optional: true

  ieee754@1.2.1: {}

  image-size@0.5.5:
    optional: true

  inherits@2.0.1: {}

  inherits@2.0.3: {}

  inherits@2.0.4: {}

  is-core-module@2.14.0:
    dependencies:
      hasown: 2.0.2

  is-what@3.14.1: {}

  isarray@1.0.0: {}

  js-tokens@4.0.0: {}

  less-plugin-resolve@1.0.2:
    dependencies:
      enhanced-resolve: 5.17.0

  less@4.2.0:
    dependencies:
      copy-anything: 2.0.6
      parse-node-version: 1.0.1
      tslib: 2.6.3
    optionalDependencies:
      errno: 0.1.8
      graceful-fs: 4.2.11
      image-size: 0.5.5
      make-dir: 2.1.0
      mime: 1.6.0
      needle: 3.3.1
      source-map: 0.6.1

  lodash@4.17.21: {}

  loose-envify@1.4.0:
    dependencies:
      js-tokens: 4.0.0

  make-dir@2.1.0:
    dependencies:
      pify: 4.0.1
      semver: 5.7.2
    optional: true

  md5.js@1.3.5:
    dependencies:
      hash-base: 3.1.0
      inherits: 2.0.4
      safe-buffer: 5.2.1

  miller-rabin@4.0.1:
    dependencies:
      bn.js: 4.12.0
      brorand: 1.1.0

  mime@1.6.0:
    optional: true

  minimalistic-assert@1.0.1: {}

  minimalistic-crypto-utils@1.0.1: {}

  needle@3.3.1:
    dependencies:
      iconv-lite: 0.6.3
      sax: 1.4.1
    optional: true

  nice-napi@1.0.2:
    dependencies:
      node-addon-api: 3.2.1
      node-gyp-build: 4.8.1
    optional: true

  node-addon-api@3.2.1:
    optional: true

  node-gyp-build@4.8.1:
    optional: true

  node-libs-browser-okam@2.2.5:
    dependencies:
      assert-okam: 1.5.0
      browserify-zlib: 0.2.0
      buffer-okam: 4.9.2
      console-browserify: 1.2.0
      constants-browserify: 1.0.0
      crypto-browserify: 3.12.0
      domain-browser: 1.2.0
      events-okam: 3.3.0
      https-browserify: 1.0.0
      os-browserify: 0.3.0
      path-browserify: 0.0.1
      process-okam: 0.11.10
      punycode-okam: 1.4.1
      querystring-es3: 0.2.1
      readable-stream: 2.3.8
      stream-browserify: 2.0.2
      stream-http: 2.8.3
      string_decoder-okam: 1.3.0
      timers-browserify: 2.0.12
      tty-browserify: 0.0.0
      url-okam: 0.11.1
      util-okam: 0.11.1
      vm-browserify: 1.1.2

  object-assign@4.1.1: {}

  object-inspect@1.13.2: {}

  os-browserify@0.3.0: {}

  pako@1.0.11: {}

  parse-asn1@5.1.7:
    dependencies:
      asn1.js: 4.10.1
      browserify-aes: 1.2.0
      evp_bytestokey: 1.0.3
      hash-base: 3.0.4
      pbkdf2: 3.1.2
      safe-buffer: 5.2.1

  parse-node-version@1.0.1: {}

  path-browserify@0.0.1: {}

  path-parse@1.0.7: {}

  pbkdf2@3.1.2:
    dependencies:
      create-hash: 1.2.0
      create-hmac: 1.1.7
      ripemd160: 2.0.2
      safe-buffer: 5.2.1
      sha.js: 2.4.11

  pify@4.0.1:
    optional: true

  piscina@4.6.1:
    optionalDependencies:
      nice-napi: 1.0.2

  process-nextick-args@2.0.1: {}

  process-okam@0.11.10: {}

  prr@1.0.1:
    optional: true

  public-encrypt@4.0.3:
    dependencies:
      bn.js: 4.12.0
      browserify-rsa: 4.1.0
      create-hash: 1.2.0
      parse-asn1: 5.1.7
      randombytes: 2.1.0
      safe-buffer: 5.2.1

  punycode-okam@1.4.1: {}

  punycode@1.4.1: {}

  qs@6.12.1:
    dependencies:
      side-channel: 1.0.6

  querystring-es3@0.2.1: {}

  randombytes@2.1.0:
    dependencies:
      safe-buffer: 5.2.1

  randomfill@1.0.4:
    dependencies:
      randombytes: 2.1.0
      safe-buffer: 5.2.1

  react-dom@18.3.1(react@18.3.1):
    dependencies:
      loose-envify: 1.4.0
      react: 18.3.1
      scheduler: 0.23.2

  react-error-overlay@6.0.9: {}

  react-refresh@0.14.2: {}

  react@18.3.1:
    dependencies:
      loose-envify: 1.4.0

  readable-stream@2.3.8:
    dependencies:
      core-util-is: 1.0.3
      inherits: 2.0.4
      isarray: 1.0.0
      process-nextick-args: 2.0.1
      safe-buffer: 5.1.2
      string_decoder: 1.1.1
      util-deprecate: 1.0.2

  readable-stream@3.6.2:
    dependencies:
      inherits: 2.0.4
      string_decoder: 1.3.0
      util-deprecate: 1.0.2

  resolve@1.22.8:
    dependencies:
      is-core-module: 2.14.0
      path-parse: 1.0.7
      supports-preserve-symlinks-flag: 1.0.0

  ripemd160@2.0.2:
    dependencies:
      hash-base: 3.1.0
      inherits: 2.0.4

  safe-buffer@5.1.2: {}

  safe-buffer@5.2.1: {}

  safer-buffer@2.1.2:
    optional: true

  sax@1.4.1:
    optional: true

  scheduler@0.23.2:
    dependencies:
      loose-envify: 1.4.0

  semver@5.7.2:
    optional: true

  semver@7.6.2: {}

  set-function-length@1.2.2:
    dependencies:
      define-data-property: 1.1.4
      es-errors: 1.3.0
      function-bind: 1.1.2
      get-intrinsic: 1.2.4
      gopd: 1.0.1
      has-property-descriptors: 1.0.2

  setimmediate@1.0.5: {}

  sha.js@2.4.11:
    dependencies:
      inherits: 2.0.4
      safe-buffer: 5.2.1

  side-channel@1.0.6:
    dependencies:
      call-bind: 1.0.7
      es-errors: 1.3.0
      get-intrinsic: 1.2.4
      object-inspect: 1.13.2

  source-map@0.6.1:
    optional: true

  stream-browserify@2.0.2:
    dependencies:
      inherits: 2.0.4
      readable-stream: 2.3.8

  stream-http@2.8.3:
    dependencies:
      builtin-status-codes: 3.0.0
      inherits: 2.0.4
      readable-stream: 2.3.8
      to-arraybuffer: 1.0.1
      xtend: 4.0.2

  string_decoder-okam@1.3.0:
    dependencies:
      safe-buffer: 5.2.1

  string_decoder@1.1.1:
    dependencies:
      safe-buffer: 5.1.2

  string_decoder@1.3.0:
    dependencies:
      safe-buffer: 5.2.1

  supports-color@7.2.0:
    dependencies:
      has-flag: 4.0.0

  supports-preserve-symlinks-flag@1.0.0: {}

  tapable@2.2.1: {}

  timers-browserify@2.0.12:
    dependencies:
      setimmediate: 1.0.5

  to-arraybuffer@1.0.1: {}

  tslib@2.6.3: {}

  tty-browserify@0.0.0: {}

  typescript@4.9.5: {}

  url-okam@0.11.1:
    dependencies:
      punycode: 1.4.1
      qs: 6.12.1

  util-deprecate@1.0.2: {}

  util-okam@0.11.1:
    dependencies:
      inherits: 2.0.3

  util@0.10.3:
    dependencies:
      inherits: 2.0.1

  vm-browserify@1.1.2: {}

  xtend@4.0.2: {}

  yargs-parser@21.1.1: {}
