lockfileVersion: '6.0'

settings:
  autoInstallPeers: true
  excludeLinksFromLockfile: false

dependencies:
  '@types/react':
    specifier: ^18.3.2
    version: 18.3.2
  '@types/react-dom':
    specifier: ^18.3.0
    version: 18.3.0
  react:
    specifier: ^18.3.1
    version: 18.3.1
  react-dom:
    specifier: ^18.3.1
    version: 18.3.1(react@18.3.1)

devDependencies:
  '@umijs/mako':
    specifier: ^0.4.16
    version: 0.4.16
  typescript:
    specifier: ^4.5.4
    version: 4.9.5

packages:

  /@swc/helpers@0.5.1:
    resolution: {integrity: sha512-sJ902EfIzn1Fa+qYmjdQqh8tPsoxyBz+8yBKC2HKUxyezKJFwPGOn7pv4WY6QuQW//ySQi5lJjA/ZT9sNWWNTg==}
    dependencies:
      tslib: 2.6.2
    dev: true

  /@types/prop-types@15.7.12:
    resolution: {integrity: sha512-5zvhXYtRNRluoE/jAp4GVsSduVUzNWKkOZrCDBWYtE7biZywwdC2AcEzg+cSMLFRfVgeAFqpfNabiPjxFddV1Q==}
    dev: false

  /@types/react-dom@18.3.0:
    resolution: {integrity: sha512-EhwApuTmMBmXuFOikhQLIBUn6uFg81SwLMOAUgodJF14SOBOCMdU04gDoYi0WOJJHD144TL32z4yDqCW3dnkQg==}
    dependencies:
      '@types/react': 18.3.2
    dev: false

  /@types/react@18.3.2:
    resolution: {integrity: sha512-Btgg89dAnqD4vV7R3hlwOxgqobUQKgx3MmrQRi0yYbs/P0ym8XozIAlkqVilPqHQwXs4e9Tf63rrCgl58BcO4w==}
    dependencies:
      '@types/prop-types': 15.7.12
      csstype: 3.1.3
    dev: false

  /@umijs/mako-darwin-arm64@0.4.16:
    resolution: {integrity: sha512-UbVonLm1cYoeUCTskqlrovhloRDCW9tt3FgX8eWbomRiy53YaMPUw2BOl+iOQ9/U/wGhg8gIXrH7jMHnzpfydw==}
    engines: {node: '>= 10'}
    cpu: [arm64]
    os: [darwin]
    requiresBuild: true
    dev: true
    optional: true

  /@umijs/mako-darwin-x64@0.4.16:
    resolution: {integrity: sha512-3yrqKN3jnajUIvND0Nks5yak34SHHeKzhcPuVzQk5mMhcCUMlRFM1XCcn9bIvzKKbX/RRPf/gcwl3u56qNnRwg==}
    engines: {node: '>= 10'}
    cpu: [x64]
    os: [darwin]
    requiresBuild: true
    dev: true
    optional: true

  /@umijs/mako-linux-x64-gnu@0.4.16:
    resolution: {integrity: sha512-V0RnrvVAjW/D1AALKHhAoorBwP8C2r65tDU9KCfrdSW08qCayMnsAO5MI1OCzZUwbqs5zX9thwTpA/rkOKV7qg==}
    engines: {node: '>= 10'}
    cpu: [x64]
    os: [linux]
    libc: [glibc]
    requiresBuild: true
    dev: true
    optional: true

  /@umijs/mako@0.4.16:
    resolution: {integrity: sha512-jJASCwzlg8ZUXADreQGU66BsDhZMX6whQoF1eGlyghePxsb9xzePO4LkExB/7tTfhr3cklUrwTE+pplWs+QzIQ==}
    engines: {node: '>= 16'}
    hasBin: true
    dependencies:
      '@swc/helpers': 0.5.1
      less: 4.2.0
      less-plugin-resolve: 1.0.2
      node-libs-browser-okam: 2.2.5
      react-error-overlay: 6.0.9
      react-refresh: 0.14.2
      workerpool: 9.1.1
      yargs-parser: 21.1.1
    optionalDependencies:
      '@umijs/mako-darwin-arm64': 0.4.16
      '@umijs/mako-darwin-x64': 0.4.16
      '@umijs/mako-linux-x64-gnu': 0.4.16
    dev: true

  /asn1.js@4.10.1:
    resolution: {integrity: sha1-ucK/WAXx5kqt7tbfOiv6+1pz9aA=}
    dependencies:
      bn.js: 4.12.0
      inherits: 2.0.4
      minimalistic-assert: 1.0.1
    dev: true

  /assert-okam@1.5.0:
    resolution: {integrity: sha512-pchhPo40i8GsTj/7h6P8LSSzwRErnh2nCEiwXNTxy4VYw6lSesSac4rTKqwsA+fOZdj6FT81Mb9U1vIZEua1EQ==}
    dependencies:
      object-assign: 4.1.1
      util: 0.10.3
    dev: true

  /base64-js@1.5.1:
    resolution: {integrity: sha1-GxtEAWClv3rUC2UPCVljSBkDkwo=}
    dev: true

  /bn.js@4.12.0:
    resolution: {integrity: sha1-d1s/J477uXGO7HNh9IP7Nvu/6og=}
    dev: true

  /bn.js@5.2.1:
    resolution: {integrity: sha512-eXRvHzWyYPBuB4NBy0cmYQjGitUrtqwbvlzP3G6VFnNRbsZQIxQ10PbKKHt8gZ/HW/D/747aDl+QkDqg3KQLMQ==}
    dev: true

  /brorand@1.1.0:
    resolution: {integrity: sha1-EsJe/kCkXjwyPrhnWgoM5XsiNx8=}
    dev: true

  /browserify-aes@1.2.0:
    resolution: {integrity: sha1-Mmc0ZC9APavDADIJhTu3CtQo70g=}
    dependencies:
      buffer-xor: 1.0.3
      cipher-base: 1.0.4
      create-hash: 1.2.0
      evp_bytestokey: 1.0.3
      inherits: 2.0.4
      safe-buffer: 5.2.1
    dev: true

  /browserify-cipher@1.0.1:
    resolution: {integrity: sha1-jWR0wbhwv9q807z8wZNKEOlPFfA=}
    dependencies:
      browserify-aes: 1.2.0
      browserify-des: 1.0.2
      evp_bytestokey: 1.0.3
    dev: true

  /browserify-des@1.0.2:
    resolution: {integrity: sha1-OvTx9Zg5QDVy8cZiBDdfen9wPpw=}
    dependencies:
      cipher-base: 1.0.4
      des.js: 1.1.0
      inherits: 2.0.4
      safe-buffer: 5.2.1
    dev: true

  /browserify-rsa@4.1.0:
    resolution: {integrity: sha1-sv0Gtbda4pf3zi3GUfkY9b4VjI0=}
    dependencies:
      bn.js: 5.2.1
      randombytes: 2.1.0
    dev: true

  /browserify-sign@4.2.3:
    resolution: {integrity: sha512-JWCZW6SKhfhjJxO8Tyiiy+XYB7cqd2S5/+WeYHsKdNKFlCBhKbblba1A/HN/90YwtxKc8tCErjffZl++UNmGiw==}
    engines: {node: '>= 0.12'}
    dependencies:
      bn.js: 5.2.1
      browserify-rsa: 4.1.0
      create-hash: 1.2.0
      create-hmac: 1.1.7
      elliptic: 6.5.5
      hash-base: 3.0.4
      inherits: 2.0.4
      parse-asn1: 5.1.7
      readable-stream: 2.3.8
      safe-buffer: 5.2.1
    dev: true

  /browserify-zlib@0.2.0:
    resolution: {integrity: sha1-KGlFnZqjviRf6P4sofRuLn9U1z8=}
    dependencies:
      pako: 1.0.11
    dev: true

  /buffer-okam@4.9.2:
    resolution: {integrity: sha512-t+vozme+an7flUs6GXHGMiP3PdodTse1NgRHSDWioIFJAtmMlj3pj7qD20Mkr9hZy0+9HA4R0xcumpMewrRdZQ==}
    dependencies:
      base64-js: 1.5.1
      ieee754: 1.2.1
      isarray: 1.0.0
    dev: true

  /buffer-xor@1.0.3:
    resolution: {integrity: sha1-JuYe0UIvtw3ULm42cp7VHYVf6Nk=}
    dev: true

  /builtin-status-codes@3.0.0:
    resolution: {integrity: sha1-hZgoeOIbmOHGZCXgPQF0eI9Wnug=}
    dev: true

  /call-bind@1.0.7:
    resolution: {integrity: sha512-GHTSNSYICQ7scH7sZ+M2rFopRoLh8t2bLSW6BbgrtLsahOIB5iyAVJf9GjWK3cYTDaMj4XdBpM1cA6pIS0Kv2w==}
    engines: {node: '>= 0.4'}
    dependencies:
      es-define-property: 1.0.0
      es-errors: 1.3.0
      function-bind: 1.1.2
      get-intrinsic: 1.2.4
      set-function-length: 1.2.2
    dev: true

  /cipher-base@1.0.4:
    resolution: {integrity: sha1-h2Dk7MJy9MNjUy+SbYdKriwTl94=}
    dependencies:
      inherits: 2.0.4
      safe-buffer: 5.2.1
    dev: true

  /console-browserify@1.2.0:
    resolution: {integrity: sha1-ZwY871fOts9Jk6KrOlWECujEkzY=}
    dev: true

  /constants-browserify@1.0.0:
    resolution: {integrity: sha1-wguW2MYXdIqvHBYCF2DNJ/y4y3U=}
    dev: true

  /copy-anything@2.0.6:
    resolution: {integrity: sha512-1j20GZTsvKNkc4BY3NpMOM8tt///wY3FpIzozTOFO2ffuZcV61nojHXVKIy3WM+7ADCy5FVhdZYHYDdgTU0yJw==}
    dependencies:
      is-what: 3.14.1
    dev: true

  /core-util-is@1.0.3:
    resolution: {integrity: sha1-pgQtNjTCsn6TKPg3uWX6yDgI24U=}
    dev: true

  /create-ecdh@4.0.4:
    resolution: {integrity: sha1-1uf0v/pmc2CFoHYv06YyaE2rzE4=}
    dependencies:
      bn.js: 4.12.0
      elliptic: 6.5.5
    dev: true

  /create-hash@1.2.0:
    resolution: {integrity: sha1-iJB4rxGmN1a8+1m9IhmWvjqe8ZY=}
    dependencies:
      cipher-base: 1.0.4
      inherits: 2.0.4
      md5.js: 1.3.5
      ripemd160: 2.0.2
      sha.js: 2.4.11
    dev: true

  /create-hmac@1.1.7:
    resolution: {integrity: sha1-aRcMeLOrlXFHsriwRXLkfq0iQ/8=}
    dependencies:
      cipher-base: 1.0.4
      create-hash: 1.2.0
      inherits: 2.0.4
      ripemd160: 2.0.2
      safe-buffer: 5.2.1
      sha.js: 2.4.11
    dev: true

  /crypto-browserify@3.12.0:
    resolution: {integrity: sha1-OWz58xN/A+S45TLFj2mCVOAPgOw=}
    dependencies:
      browserify-cipher: 1.0.1
      browserify-sign: 4.2.3
      create-ecdh: 4.0.4
      create-hash: 1.2.0
      create-hmac: 1.1.7
      diffie-hellman: 5.0.3
      inherits: 2.0.4
      pbkdf2: 3.1.2
      public-encrypt: 4.0.3
      randombytes: 2.1.0
      randomfill: 1.0.4
    dev: true

  /csstype@3.1.3:
    resolution: {integrity: sha512-M1uQkMl8rQK/szD0LNhtqxIPLpimGm8sOBwU7lLnCpSbTyY3yeU1Vc7l4KT5zT4s/yOxHH5O7tIuuLOCnLADRw==}
    dev: false

  /define-data-property@1.1.4:
    resolution: {integrity: sha512-rBMvIzlpA8v6E+SJZoo++HAYqsLrkg7MSfIinMPFhmkorw7X+dOXVJQs+QT69zGkzMyfDnIMN2Wid1+NbL3T+A==}
    engines: {node: '>= 0.4'}
    dependencies:
      es-define-property: 1.0.0
      es-errors: 1.3.0
      gopd: 1.0.1
    dev: true

  /des.js@1.1.0:
    resolution: {integrity: sha512-r17GxjhUCjSRy8aiJpr8/UadFIzMzJGexI3Nmz4ADi9LYSFx4gTBp80+NaX/YsXWWLhpZ7v/v/ubEc/bCNfKwg==}
    dependencies:
      inherits: 2.0.4
      minimalistic-assert: 1.0.1
    dev: true

  /diffie-hellman@5.0.3:
    resolution: {integrity: sha1-QOjumPVaIUlgcUaSHGPhrl89KHU=}
    dependencies:
      bn.js: 4.12.0
      miller-rabin: 4.0.1
      randombytes: 2.1.0
    dev: true

  /domain-browser@1.2.0:
    resolution: {integrity: sha1-PTH1AZGmdJ3RN1p/Ui6CPULlTto=}
    engines: {node: '>=0.4', npm: '>=1.2'}
    dev: true

  /elliptic@6.5.5:
    resolution: {integrity: sha512-7EjbcmUm17NQFu4Pmgmq2olYMj8nwMnpcddByChSUjArp8F5DQWcIcpriwO4ZToLNAJig0yiyjswfyGNje/ixw==}
    dependencies:
      bn.js: 4.12.0
      brorand: 1.1.0
      hash.js: 1.1.7
      hmac-drbg: 1.0.1
      inherits: 2.0.4
      minimalistic-assert: 1.0.1
      minimalistic-crypto-utils: 1.0.1
    dev: true

  /enhanced-resolve@5.16.1:
    resolution: {integrity: sha512-4U5pNsuDl0EhuZpq46M5xPslstkviJuhrdobaRDBk2Jy2KO37FDAJl4lb2KlNabxT0m4MTK2UHNrsAcphE8nyw==}
    engines: {node: '>=10.13.0'}
    dependencies:
      graceful-fs: 4.2.11
      tapable: 2.2.1
    dev: true

  /errno@0.1.8:
    resolution: {integrity: sha1-i7Ppx9Rjvkl2/4iPdrSAnrwugR8=}
    hasBin: true
    requiresBuild: true
    dependencies:
      prr: 1.0.1
    dev: true
    optional: true

  /es-define-property@1.0.0:
    resolution: {integrity: sha512-jxayLKShrEqqzJ0eumQbVhTYQM27CfT1T35+gCgDFoL82JLsXqTJ76zv6A0YLOgEnLUMvLzsDsGIrl8NFpT2gQ==}
    engines: {node: '>= 0.4'}
    dependencies:
      get-intrinsic: 1.2.4
    dev: true

  /es-errors@1.3.0:
    resolution: {integrity: sha512-Zf5H2Kxt2xjTvbJvP2ZWLEICxA6j+hAmMzIlypy4xcBg1vKVnx89Wy0GbS+kf5cwCVFFzdCFh2XSCFNULS6csw==}
    engines: {node: '>= 0.4'}
    dev: true

  /events-okam@3.3.0:
    resolution: {integrity: sha512-6iR7z9hAJEwrT+D2Ywg6Fx62HSmN86OlcvPdrnq1JBeFr30dMF6l+j7M3VabjHfIi2KMtF8rO0J1rIZEfwMAwg==}
    engines: {node: '>=0.8.x'}
    dev: true

  /evp_bytestokey@1.0.3:
    resolution: {integrity: sha1-f8vbGY3HGVlDLv4ThCaE4FJaywI=}
    dependencies:
      md5.js: 1.3.5
      safe-buffer: 5.2.1
    dev: true

  /function-bind@1.1.2:
    resolution: {integrity: sha512-7XHNxH7qX9xG5mIwxkhumTox/MIRNcOgDrxWsMt2pAr23WHp6MrRlN7FBSFpCpr+oVO0F744iUgR82nJMfG2SA==}
    dev: true

  /get-intrinsic@1.2.4:
    resolution: {integrity: sha512-5uYhsJH8VJBTv7oslg4BznJYhDoRI6waYCxMmCdnTrcCrHA/fCFKoTFz2JKKE0HdDFUF7/oQuhzumXJK7paBRQ==}
    engines: {node: '>= 0.4'}
    dependencies:
      es-errors: 1.3.0
      function-bind: 1.1.2
      has-proto: 1.0.3
      has-symbols: 1.0.3
      hasown: 2.0.2
    dev: true

  /gopd@1.0.1:
    resolution: {integrity: sha512-d65bNlIadxvpb/A2abVdlqKqV563juRnZ1Wtk6s1sIR8uNsXR70xqIzVqxVf1eTqDunwT2MkczEeaezCKTZhwA==}
    dependencies:
      get-intrinsic: 1.2.4
    dev: true

  /graceful-fs@4.2.11:
    resolution: {integrity: sha512-RbJ5/jmFcNNCcDV5o9eTnBLJ/HszWV0P73bc+Ff4nS/rJj+YaS6IGyiOL0VoBYX+l1Wrl3k63h/KrH+nhJ0XvQ==}
    dev: true

  /has-property-descriptors@1.0.2:
    resolution: {integrity: sha512-55JNKuIW+vq4Ke1BjOTjM2YctQIvCT7GFzHwmfZPGo5wnrgkid0YQtnAleFSqumZm4az3n2BS+erby5ipJdgrg==}
    dependencies:
      es-define-property: 1.0.0
    dev: true

  /has-proto@1.0.3:
    resolution: {integrity: sha512-SJ1amZAJUiZS+PhsVLf5tGydlaVB8EdFpaSO4gmiUKUOxk8qzn5AIy4ZeJUmh22znIdk/uMAUT2pl3FxzVUH+Q==}
    engines: {node: '>= 0.4'}
    dev: true

  /has-symbols@1.0.3:
    resolution: {integrity: sha512-l3LCuF6MgDNwTDKkdYGEihYjt5pRPbEg46rtlmnSPlUbgmB8LOIrKJbYYFBSbnPaJexMKtiPO8hmeRjRz2Td+A==}
    engines: {node: '>= 0.4'}
    dev: true

  /hash-base@3.0.4:
    resolution: {integrity: sha1-X8hoaEfs1zSZQDMZprCj8/auSRg=}
    engines: {node: '>=4'}
    dependencies:
      inherits: 2.0.4
      safe-buffer: 5.2.1
    dev: true

  /hash-base@3.1.0:
    resolution: {integrity: sha1-VcOB2eBuHSmXqIO0o/3f5/DTrzM=}
    engines: {node: '>=4'}
    dependencies:
      inherits: 2.0.4
      readable-stream: 3.6.2
      safe-buffer: 5.2.1
    dev: true

  /hash.js@1.1.7:
    resolution: {integrity: sha1-C6vKU46NTuSg+JiNaIZlN6ADz0I=}
    dependencies:
      inherits: 2.0.4
      minimalistic-assert: 1.0.1
    dev: true

  /hasown@2.0.2:
    resolution: {integrity: sha512-0hJU9SCPvmMzIBdZFqNPXWa6dqh7WdH0cII9y+CyS8rG3nL48Bclra9HmKhVVUHyPWNH5Y7xDwAB7bfgSjkUMQ==}
    engines: {node: '>= 0.4'}
    dependencies:
      function-bind: 1.1.2
    dev: true

  /hmac-drbg@1.0.1:
    resolution: {integrity: sha1-0nRXAQJabHdabFRXk+1QL8DGSaE=}
    dependencies:
      hash.js: 1.1.7
      minimalistic-assert: 1.0.1
      minimalistic-crypto-utils: 1.0.1
    dev: true

  /https-browserify@1.0.0:
    resolution: {integrity: sha1-7AbBDgo0wPL68Zn3/X/Hj//QPHM=}
    dev: true

  /iconv-lite@0.6.3:
    resolution: {integrity: sha1-pS+AvzjaGVLrXGgXkHGYcaGnJQE=}
    engines: {node: '>=0.10.0'}
    requiresBuild: true
    dependencies:
      safer-buffer: 2.1.2
    dev: true
    optional: true

  /ieee754@1.2.1:
    resolution: {integrity: sha1-jrehCmP/8l0VpXsAFYbRd9Gw01I=}
    dev: true

  /image-size@0.5.5:
    resolution: {integrity: sha1-Cd/Uq50g4p6xw+gLiZA3jfnjy5w=}
    engines: {node: '>=0.10.0'}
    hasBin: true
    requiresBuild: true
    dev: true
    optional: true

  /inherits@2.0.1:
    resolution: {integrity: sha1-sX0I0ya0Qj5Wjv9xn5GwscvfafE=}
    dev: true

  /inherits@2.0.3:
    resolution: {integrity: sha1-Yzwsg+PaQqUC9SRmAiSA9CCCYd4=}
    dev: true

  /inherits@2.0.4:
    resolution: {integrity: sha1-D6LGT5MpF8NDOg3tVTY6rjdBa3w=}
    dev: true

  /is-what@3.14.1:
    resolution: {integrity: sha1-4SIvRt3ahd6tD9HJ3xMXYOd3VcE=}
    dev: true

  /isarray@1.0.0:
    resolution: {integrity: sha1-u5NdSFgsuhaMBoNJV6VKPgcSTxE=}
    dev: true

  /js-tokens@4.0.0:
    resolution: {integrity: sha1-GSA/tZmR35jjoocFDUZHzerzJJk=}
    dev: false

  /less-plugin-resolve@1.0.2:
    resolution: {integrity: sha512-e1AHq0XNTU8S3d9JCc8CFYajoUBr0EK3pcuLT5PogyBBeE0knzZJL105kKKSZWfq2lQLq3/uEDrMK3JPq+fHaA==}
    dependencies:
      enhanced-resolve: 5.16.1
    dev: true

  /less@4.2.0:
    resolution: {integrity: sha512-P3b3HJDBtSzsXUl0im2L7gTO5Ubg8mEN6G8qoTS77iXxXX4Hvu4Qj540PZDvQ8V6DmX6iXo98k7Md0Cm1PrLaA==}
    engines: {node: '>=6'}
    hasBin: true
    dependencies:
      copy-anything: 2.0.6
      parse-node-version: 1.0.1
      tslib: 2.6.2
    optionalDependencies:
      errno: 0.1.8
      graceful-fs: 4.2.11
      image-size: 0.5.5
      make-dir: 2.1.0
      mime: 1.6.0
      needle: 3.3.1
      source-map: 0.6.1
    dev: true

  /loose-envify@1.4.0:
    resolution: {integrity: sha1-ce5R+nvkyuwaY4OffmgtgTLTDK8=}
    hasBin: true
    dependencies:
      js-tokens: 4.0.0
    dev: false

  /make-dir@2.1.0:
    resolution: {integrity: sha1-XwMQ4YuL6JjMBwCSlaMK5B6R5vU=}
    engines: {node: '>=6'}
    requiresBuild: true
    dependencies:
      pify: 4.0.1
      semver: 5.7.2
    dev: true
    optional: true

  /md5.js@1.3.5:
    resolution: {integrity: sha1-tdB7jjIW4+J81yjXL3DR5qNCAF8=}
    dependencies:
      hash-base: 3.1.0
      inherits: 2.0.4
      safe-buffer: 5.2.1
    dev: true

  /miller-rabin@4.0.1:
    resolution: {integrity: sha1-8IA1HIZbDcViqEYpZtqlNUPHik0=}
    hasBin: true
    dependencies:
      bn.js: 4.12.0
      brorand: 1.1.0
    dev: true

  /mime@1.6.0:
    resolution: {integrity: sha1-Ms2eXGRVO9WNGaVor0Uqz/BJgbE=}
    engines: {node: '>=4'}
    hasBin: true
    requiresBuild: true
    dev: true
    optional: true

  /minimalistic-assert@1.0.1:
    resolution: {integrity: sha1-LhlN4ERibUoQ5/f7wAznPoPk1cc=}
    dev: true

  /minimalistic-crypto-utils@1.0.1:
    resolution: {integrity: sha1-9sAMHAsIIkblxNmd+4x8CDsrWCo=}
    dev: true

  /needle@3.3.1:
    resolution: {integrity: sha512-6k0YULvhpw+RoLNiQCRKOl09Rv1dPLr8hHnVjHqdolKwDrdNyk+Hmrthi4lIGPPz3r39dLx0hsF5s40sZ3Us4Q==}
    engines: {node: '>= 4.4.x'}
    hasBin: true
    requiresBuild: true
    dependencies:
      iconv-lite: 0.6.3
      sax: 1.3.0
    dev: true
    optional: true

  /node-libs-browser-okam@2.2.5:
    resolution: {integrity: sha512-kD+WXACEThc6C5DA146KoCNbubjpXeYzXDrukvtXWr6MRzV3uvHCI0eb/GuugWVYnMoD4g3/uaIzvDYOpC4QWw==}
    dependencies:
      assert-okam: 1.5.0
      browserify-zlib: 0.2.0
      buffer-okam: 4.9.2
      console-browserify: 1.2.0
      constants-browserify: 1.0.0
      crypto-browserify: 3.12.0
      domain-browser: 1.2.0
      events-okam: 3.3.0
      https-browserify: 1.0.0
      os-browserify: 0.3.0
      path-browserify: 0.0.1
      process-okam: 0.11.10
      punycode-okam: 1.4.1
      querystring-es3: 0.2.1
      readable-stream: 2.3.8
      stream-browserify: 2.0.2
      stream-http: 2.8.3
      string_decoder-okam: 1.3.0
      timers-browserify: 2.0.12
      tty-browserify: 0.0.0
      url-okam: 0.11.1
      util-okam: 0.11.1
      vm-browserify: 1.1.2
    dev: true

  /object-assign@4.1.1:
    resolution: {integrity: sha1-IQmtx5ZYh8/AXLvUQsrIv7s2CGM=}
    engines: {node: '>=0.10.0'}
    dev: true

  /object-inspect@1.13.1:
    resolution: {integrity: sha512-5qoj1RUiKOMsCCNLV1CBiPYE10sziTsnmNxkAI/rZhiD63CF7IqdFGC/XzjWjpSgLf0LxXX3bDFIh0E18f6UhQ==}
    dev: true

  /os-browserify@0.3.0:
    resolution: {integrity: sha1-hUNzx/XCMVkU/Jv8a9gjj92h7Cc=}
    dev: true

  /pako@1.0.11:
    resolution: {integrity: sha1-bJWZ00DVTf05RjgCUqNXBaa5kr8=}
    dev: true

  /parse-asn1@5.1.7:
    resolution: {integrity: sha512-CTM5kuWR3sx9IFamcl5ErfPl6ea/N8IYwiJ+vpeB2g+1iknv7zBl5uPwbMbRVznRVbrNY6lGuDoE5b30grmbqg==}
    engines: {node: '>= 0.10'}
    dependencies:
      asn1.js: 4.10.1
      browserify-aes: 1.2.0
      evp_bytestokey: 1.0.3
      hash-base: 3.0.4
      pbkdf2: 3.1.2
      safe-buffer: 5.2.1
    dev: true

  /parse-node-version@1.0.1:
    resolution: {integrity: sha1-4rXb7eAOf6m8NjYH9TMn6LBzGJs=}
    engines: {node: '>= 0.10'}
    dev: true

  /path-browserify@0.0.1:
    resolution: {integrity: sha1-5sTd1+06onxoogzE5Q4aTug7vEo=}
    dev: true

  /pbkdf2@3.1.2:
    resolution: {integrity: sha1-3YIqoIh1gOUvGgOdw+2hCO+uMHU=}
    engines: {node: '>=0.12'}
    dependencies:
      create-hash: 1.2.0
      create-hmac: 1.1.7
      ripemd160: 2.0.2
      safe-buffer: 5.2.1
      sha.js: 2.4.11
    dev: true

  /pify@4.0.1:
    resolution: {integrity: sha1-SyzSXFDVmHNcUCkiJP2MbfQeMjE=}
    engines: {node: '>=6'}
    requiresBuild: true
    dev: true
    optional: true

  /process-nextick-args@2.0.1:
    resolution: {integrity: sha1-eCDZsWEgzFXKmud5JoCufbptf+I=}
    dev: true

  /process-okam@0.11.10:
    resolution: {integrity: sha512-p8e5nl6/OCeMalVb9dSojND5B9m/nq64WsyUfRmrTdLMKcNYcDN++/2I8WV1mTQDqrh2PQ6tIIb2A7/A38eSvw==}
    engines: {node: '>= 0.6.0'}
    dev: true

  /prr@1.0.1:
    resolution: {integrity: sha1-0/wRS6BplaRexok/SEzrHXj19HY=}
    requiresBuild: true
    dev: true
    optional: true

  /public-encrypt@4.0.3:
    resolution: {integrity: sha1-T8ydd6B+SLp1J+fL4N4z0HATMeA=}
    dependencies:
      bn.js: 4.12.0
      browserify-rsa: 4.1.0
      create-hash: 1.2.0
      parse-asn1: 5.1.7
      randombytes: 2.1.0
      safe-buffer: 5.2.1
    dev: true

  /punycode-okam@1.4.1:
    resolution: {integrity: sha512-e4mSfzGfrVBJmhjp+8PHjXIz5WrvEEWB2FT+RJ6YS/ozGttTcnocuj0CtMo3dujWYe2708bTd79zeIrKBtRzCg==}
    dev: true

  /punycode@1.4.1:
    resolution: {integrity: sha1-wNWmOycYgArY4esPpSachN1BhF4=}
    dev: true

  /qs@6.12.1:
    resolution: {integrity: sha512-zWmv4RSuB9r2mYQw3zxQuHWeU+42aKi1wWig/j4ele4ygELZ7PEO6MM7rim9oAQH2A5MWfsAVf/jPvTPgCbvUQ==}
    engines: {node: '>=0.6'}
    dependencies:
      side-channel: 1.0.6
    dev: true

  /querystring-es3@0.2.1:
    resolution: {integrity: sha1-nsYfeQSYdXB9aUFFlv2Qek1xHnM=}
    engines: {node: '>=0.4.x'}
    dev: true

  /randombytes@2.1.0:
    resolution: {integrity: sha1-32+ENy8CcNxlzfYpE0mrekc9Tyo=}
    dependencies:
      safe-buffer: 5.2.1
    dev: true

  /randomfill@1.0.4:
    resolution: {integrity: sha1-ySGW/IarQr6YPxvzF3giSTHWFFg=}
    dependencies:
      randombytes: 2.1.0
      safe-buffer: 5.2.1
    dev: true

  /react-dom@18.3.1(react@18.3.1):
    resolution: {integrity: sha512-5m4nQKp+rZRb09LNH59GM4BxTh9251/ylbKIbpe7TpGxfJ+9kv6BLkLBXIjjspbgbnIBNqlI23tRnTWT0snUIw==}
    peerDependencies:
      react: ^18.3.1
    dependencies:
      loose-envify: 1.4.0
      react: 18.3.1
      scheduler: 0.23.2
    dev: false

  /react-error-overlay@6.0.9:
    resolution: {integrity: sha1-PHQwEMk1lgjDdezWvHbzXZOZWwo=}
    dev: true

  /react-refresh@0.14.2:
    resolution: {integrity: sha512-jCvmsr+1IUSMUyzOkRcvnVbX3ZYC6g9TDrDbFuFmRDq7PD4yaGbLKNQL6k2jnArV8hjYxh7hVhAZB6s9HDGpZA==}
    engines: {node: '>=0.10.0'}
    dev: true

  /react@18.3.1:
    resolution: {integrity: sha512-wS+hAgJShR0KhEvPJArfuPVN1+Hz1t0Y6n5jLrGQbkb4urgPE/0Rve+1kMB1v/oWgHgm4WIcV+i7F2pTVj+2iQ==}
    engines: {node: '>=0.10.0'}
    dependencies:
      loose-envify: 1.4.0
    dev: false

  /readable-stream@2.3.8:
    resolution: {integrity: sha512-8p0AUk4XODgIewSi0l8Epjs+EVnWiK7NoDIEGU0HhE7+ZyY8D1IMY7odu5lRrFXGg71L15KG8QrPmum45RTtdA==}
    dependencies:
      core-util-is: 1.0.3
      inherits: 2.0.4
      isarray: 1.0.0
      process-nextick-args: 2.0.1
      safe-buffer: 5.1.2
      string_decoder: 1.1.1
      util-deprecate: 1.0.2
    dev: true

  /readable-stream@3.6.2:
    resolution: {integrity: sha512-9u/sniCrY3D5WdsERHzHE4G2YCXqoG5FTHUiCC4SIbr6XcLZBY05ya9EKjYek9O5xOAwjGq+1JdGBAS7Q9ScoA==}
    engines: {node: '>= 6'}
    dependencies:
      inherits: 2.0.4
      string_decoder: 1.3.0
      util-deprecate: 1.0.2
    dev: true

  /ripemd160@2.0.2:
    resolution: {integrity: sha1-ocGm9iR1FXe6XQeRTLyShQWFiQw=}
    dependencies:
      hash-base: 3.1.0
      inherits: 2.0.4
    dev: true

  /safe-buffer@5.1.2:
    resolution: {integrity: sha1-mR7GnSluAxN0fVm9/St0XDX4go0=}
    dev: true

  /safe-buffer@5.2.1:
    resolution: {integrity: sha1-Hq+fqb2x/dTsdfWPnNtOa3gn7sY=}
    dev: true

  /safer-buffer@2.1.2:
    resolution: {integrity: sha1-RPoWGwGHuVSd2Eu5GAL5vYOFzWo=}
    requiresBuild: true
    dev: true
    optional: true

  /sax@1.3.0:
    resolution: {integrity: sha512-0s+oAmw9zLl1V1cS9BtZN7JAd0cW5e0QH4W3LWEK6a4LaLEA2OTpGYWDY+6XasBLtz6wkm3u1xRw95mRuJ59WA==}
    requiresBuild: true
    dev: true
    optional: true

  /scheduler@0.23.2:
    resolution: {integrity: sha512-UOShsPwz7NrMUqhR6t0hWjFduvOzbtv7toDH1/hIrfRNIDBnnBWd0CwJTGvTpngVlmwGCdP9/Zl/tVrDqcuYzQ==}
    dependencies:
      loose-envify: 1.4.0
    dev: false

  /semver@5.7.2:
    resolution: {integrity: sha512-cBznnQ9KjJqU67B52RMC65CMarK2600WFnbkcaiwWq3xy/5haFJlshgnpjovMVJ+Hff49d8GEn0b87C5pDQ10g==}
    hasBin: true
    requiresBuild: true
    dev: true
    optional: true

  /set-function-length@1.2.2:
    resolution: {integrity: sha512-pgRc4hJ4/sNjWCSS9AmnS40x3bNMDTknHgL5UaMBTMyJnU90EgWh1Rz+MC9eFu4BuN/UwZjKQuY/1v3rM7HMfg==}
    engines: {node: '>= 0.4'}
    dependencies:
      define-data-property: 1.1.4
      es-errors: 1.3.0
      function-bind: 1.1.2
      get-intrinsic: 1.2.4
      gopd: 1.0.1
      has-property-descriptors: 1.0.2
    dev: true

  /setimmediate@1.0.5:
    resolution: {integrity: sha1-KQy7Iy4waULX1+qbg3Mqt4VvgoU=}
    dev: true

  /sha.js@2.4.11:
    resolution: {integrity: sha1-N6XPC4HsvGlD3hCbopYNGyZYSuc=}
    hasBin: true
    dependencies:
      inherits: 2.0.4
      safe-buffer: 5.2.1
    dev: true

  /side-channel@1.0.6:
    resolution: {integrity: sha512-fDW/EZ6Q9RiO8eFG8Hj+7u/oW+XrPTIChwCOM2+th2A6OblDtYYIpve9m+KvI9Z4C9qSEXlaGR6bTEYHReuglA==}
    engines: {node: '>= 0.4'}
    dependencies:
      call-bind: 1.0.7
      es-errors: 1.3.0
      get-intrinsic: 1.2.4
      object-inspect: 1.13.1
    dev: true

  /source-map@0.6.1:
    resolution: {integrity: sha1-dHIq8y6WFOnCh6jQu95IteLxomM=}
    engines: {node: '>=0.10.0'}
    requiresBuild: true
    dev: true
    optional: true

  /stream-browserify@2.0.2:
    resolution: {integrity: sha1-h1IdOKRKp+6RzhzSpH3wy0ndZgs=}
    dependencies:
      inherits: 2.0.4
      readable-stream: 2.3.8
    dev: true

  /stream-http@2.8.3:
    resolution: {integrity: sha1-stJCRpKIpaJ+xP6JM6z2I95lFPw=}
    dependencies:
      builtin-status-codes: 3.0.0
      inherits: 2.0.4
      readable-stream: 2.3.8
      to-arraybuffer: 1.0.1
      xtend: 4.0.2
    dev: true

  /string_decoder-okam@1.3.0:
    resolution: {integrity: sha512-N5lJgLJ02sIs9xNyqPgIywlGaLUW6s5cYRpnmM3gbfhGA3sggW0+E2go26D7oZgEH7jHpXDe+ArDrBXeCaP9QA==}
    dependencies:
      safe-buffer: 5.2.1
    dev: true

  /string_decoder@1.1.1:
    resolution: {integrity: sha1-nPFhG6YmhdcDCunkujQUnDrwP8g=}
    dependencies:
      safe-buffer: 5.1.2
    dev: true

  /string_decoder@1.3.0:
    resolution: {integrity: sha1-QvEUWUpGzxqOMLCoT1bHjD7awh4=}
    dependencies:
      safe-buffer: 5.2.1
    dev: true

  /tapable@2.2.1:
    resolution: {integrity: sha1-GWenPvQGCoLxKrlq+G1S/bdu7KA=}
    engines: {node: '>=6'}
    dev: true

  /timers-browserify@2.0.12:
    resolution: {integrity: sha1-RKRcEfv0B/NPl7zNFXfGUjYbAO4=}
    engines: {node: '>=0.6.0'}
    dependencies:
      setimmediate: 1.0.5
    dev: true

  /to-arraybuffer@1.0.1:
    resolution: {integrity: sha1-fSKbH8xjfkZsoIEYCDanqr/4P0M=}
    dev: true

  /tslib@2.6.2:
    resolution: {integrity: sha512-AEYxH93jGFPn/a2iVAwW87VuUIkR1FVUKB77NwMF7nBTDkDrrT/Hpt/IrCJ0QXhW27jTBDcf5ZY7w6RiqTMw2Q==}
    dev: true

  /tty-browserify@0.0.0:
    resolution: {integrity: sha1-oVe6QC2iTpv5V/mqadUk7tQpAaY=}
    dev: true

  /typescript@4.9.5:
    resolution: {integrity: sha512-1FXk9E2Hm+QzZQ7z+McJiHL4NW1F2EzMu9Nq9i3zAaGqibafqYwCVU6WyWAuyQRRzOlxou8xZSyXLEN8oKj24g==}
    engines: {node: '>=4.2.0'}
    hasBin: true
    dev: true

  /url-okam@0.11.1:
    resolution: {integrity: sha512-AM6OVeZNwKiirK3IwKxHuopgjX1jB0F8srK9OlCXN+wdmTNg6vgnN9xyQ5abhxq8Oj/kTleLU8OCfZ1FaEW37w==}
    dependencies:
      punycode: 1.4.1
      qs: 6.12.1
    dev: true

  /util-deprecate@1.0.2:
    resolution: {integrity: sha1-RQ1Nyfpw3nMnYvvS1KKJgUGaDM8=}
    dev: true

  /util-okam@0.11.1:
    resolution: {integrity: sha512-e2bG47F03vYx2MbA6znK6t6dwffnXGsVzh8BLpi0pcQ7dDRQf0zSAQ9IR7M+aoozALNibw8eCY53gEK8bBpSjg==}
    dependencies:
      inherits: 2.0.3
    dev: true

  /util@0.10.3:
    resolution: {integrity: sha1-evsa/lCAUkZInj23/g7TeTNqwPk=}
    dependencies:
      inherits: 2.0.1
    dev: true

  /vm-browserify@1.1.2:
    resolution: {integrity: sha1-eGQcSIuObKkadfUR56OzKobl3aA=}
    dev: true

  /workerpool@9.1.1:
    resolution: {integrity: sha512-EFoFTSEo9m4V4wNrwzVRjxnf/E/oBpOzcI/R5CIugJhl9RsCiq525rszo4AtqcjQQoqFdu2E3H82AnbtpaQHvg==}
    dev: true

  /xtend@4.0.2:
    resolution: {integrity: sha1-u3J3n1+kZRhrH0OPZ0+jR/2121Q=}
    engines: {node: '>=0.4'}
    dev: true

  /yargs-parser@21.1.1:
    resolution: {integrity: sha512-tVpsJW7DdjecAiFpbIB1e3qxIQsE6NoPc5/eTdrbbIC4h0LVsWhnoa3g+m2HclBIujHzsxZ4VJVA+GUuc2/LBw==}
    engines: {node: '>=12'}
    dev: true
