lockfileVersion: '9.0'

settings:
  autoInstallPeers: true
  excludeLinksFromLockfile: false

importers:

  .:
    dependencies:
      '@swc/helpers':
        specifier: 0.5.12
        version: 0.5.12
      core-js:
        specifier: 3.38.0
        version: 3.38.0
    devDependencies:
      '@swc/cli':
        specifier: 0.4.0
        version: 0.4.0(@swc/core@1.7.6(@swc/helpers@0.5.12))(chokidar@3.6.0)
      '@swc/core':
        specifier: 1.7.6
        version: 1.7.6(@swc/helpers@0.5.12)
      browserslist:
        specifier: ^4.23.3
        version: 4.23.3
      chokidar:
        specifier: 3.6.0
        version: 3.6.0

packages:

  '@mole-inc/bin-wrapper@8.0.1':
    resolution: {integrity: sha512-sTGoeZnjI8N4KS+sW2AN95gDBErhAguvkw/tWdCjeM8bvxpz5lqrnd0vOJABA1A+Ic3zED7PYoLP/RANLgVotA==}
    engines: {node: ^12.20.0 || ^14.13.1 || >=16.0.0}

  '@nodelib/fs.scandir@2.1.5':
    resolution: {integrity: sha1-dhnC6yGyVIP20WdUi0z9WnSIw9U=}
    engines: {node: '>= 8'}

  '@nodelib/fs.stat@2.0.5':
    resolution: {integrity: sha1-W9Jir5Tp0lvR5xsF3u1Eh2oiLos=}
    engines: {node: '>= 8'}

  '@nodelib/fs.walk@1.2.8':
    resolution: {integrity: sha1-6Vc36LtnRt3t9pxVaVNJTxlv5po=}
    engines: {node: '>= 8'}

  '@sindresorhus/is@4.6.0':
    resolution: {integrity: sha512-t09vSN3MdfsyCHoFcTRCH/iUtG7OJ0CsjzB8cjAmKc/va/kIgeDI/TxsigdncE/4be734m0cvIYwNaV4i2XqAw==}
    engines: {node: '>=10'}

  '@swc/cli@0.4.0':
    resolution: {integrity: sha512-4JdVrPtF/4rCMXp6Q1h5I6YkYZrCCcqod7Wk97ZQq7K8vNGzJUryBv4eHCvqx5sJOJBrbYm9fcswe1B0TygNoA==}
    engines: {node: '>= 16.14.0'}
    hasBin: true
    peerDependencies:
      '@swc/core': ^1.2.66
      chokidar: ^3.5.1
    peerDependenciesMeta:
      chokidar:
        optional: true

  '@swc/core-darwin-arm64@1.7.6':
    resolution: {integrity: sha512-6lYHey84ZzsdtC7UuPheM4Rm0Inzxm6Sb8U6dmKc4eCx8JL0LfWG4LC5RsdsrTxnjTsbriWlnhZBffh8ijUHIQ==}
    engines: {node: '>=10'}
    cpu: [arm64]
    os: [darwin]

  '@swc/core-darwin-x64@1.7.6':
    resolution: {integrity: sha512-Fyl+8aH9O5rpx4O7r2KnsPpoi32iWoKOYKiipeTbGjQ/E95tNPxbmsz4yqE8Ovldcga60IPJ5OKQA3HWRiuzdw==}
    engines: {node: '>=10'}
    cpu: [x64]
    os: [darwin]

  '@swc/core-linux-arm-gnueabihf@1.7.6':
    resolution: {integrity: sha512-2WxYTqFaOx48GKC2cbO1/IntA+w+kfCFy436Ij7qRqqtV/WAvTM9TC1OmiFbqq436rSot52qYmX8fkwdB5UcLQ==}
    engines: {node: '>=10'}
    cpu: [arm]
    os: [linux]

  '@swc/core-linux-arm64-gnu@1.7.6':
    resolution: {integrity: sha512-TBEGMSe0LhvPe4S7E68c7VzgT3OMu4VTmBLS7B2aHv4v8uZO92Khpp7L0WqgYU1y5eMjk+XLDLi4kokiNHv/Hg==}
    engines: {node: '>=10'}
    cpu: [arm64]
    os: [linux]
    libc: [glibc]

  '@swc/core-linux-arm64-musl@1.7.6':
    resolution: {integrity: sha512-QI8QGL0HGT42tj7F1A+YAzhGkJjUcvvTfI1e2m704W0Enl2/UIK9v5D1zvQzYwusRyKuaQfbeBRYDh0NcLOGLg==}
    engines: {node: '>=10'}
    cpu: [arm64]
    os: [linux]
    libc: [musl]

  '@swc/core-linux-x64-gnu@1.7.6':
    resolution: {integrity: sha512-61AYVzhjuNQAVIKKWOJu3H0/pFD28RYJGxnGg3YMhvRLRyuWNyY5Nyyj2WkKcz/ON+g38Arlz00NT1LDIViRLg==}
    engines: {node: '>=10'}
    cpu: [x64]
    os: [linux]
    libc: [glibc]

  '@swc/core-linux-x64-musl@1.7.6':
    resolution: {integrity: sha512-hQFznpfLK8XajfAAN9Cjs0w/aVmO7iu9VZvInyrTCRcPqxV5O+rvrhRxKvC1LRMZXr5M6JRSRtepp5w+TK4kAw==}
    engines: {node: '>=10'}
    cpu: [x64]
    os: [linux]
    libc: [musl]

  '@swc/core-win32-arm64-msvc@1.7.6':
    resolution: {integrity: sha512-Aqsd9afykVMuekzjm4X4TDqwxmG4CrzoOSFe0hZrn9SMio72l5eAPnMtYoe5LsIqtjV8MNprLfXaNbjHjTegmA==}
    engines: {node: '>=10'}
    cpu: [arm64]
    os: [win32]

  '@swc/core-win32-ia32-msvc@1.7.6':
    resolution: {integrity: sha512-9h0hYnOeRVNeQgHQTvD1Im67faNSSzBZ7Adtxyu9urNLfBTJilMllFd2QuGHlKW5+uaT6ZH7ZWDb+c/enx7Lcg==}
    engines: {node: '>=10'}
    cpu: [ia32]
    os: [win32]

  '@swc/core-win32-x64-msvc@1.7.6':
    resolution: {integrity: sha512-izeoB8glCSe6IIDQmrVm6bvR9muk9TeKgmtY7b6l1BwL4BFnTUk4dMmpbntT90bEVQn3JPCaPtUG4HfL8VuyuA==}
    engines: {node: '>=10'}
    cpu: [x64]
    os: [win32]

  '@swc/core@1.7.6':
    resolution: {integrity: sha512-FZxyao9eQks1MRmUshgsZTmlg/HB2oXK5fghkoWJm/1CU2q2kaJlVDll2as5j+rmWiwkp0Gidlq8wlXcEEAO+g==}
    engines: {node: '>=10'}
    peerDependencies:
      '@swc/helpers': '*'
    peerDependenciesMeta:
      '@swc/helpers':
        optional: true

  '@swc/counter@0.1.3':
    resolution: {integrity: sha512-e2BR4lsJkkRlKZ/qCHPw9ZaSxc0MVUd7gtbtaB7aMvHeJVYe8sOB8DBZkP2DtISHGSku9sCK6T6cnY0CtXrOCQ==}

  '@swc/helpers@0.5.12':
    resolution: {integrity: sha512-KMZNXiGibsW9kvZAO1Pam2JPTDBm+KSHMMHWdsyI/1DbIZjT2A6Gy3hblVXUMEDvUAKq+e0vL0X0o54owWji7g==}

  '@swc/types@0.1.12':
    resolution: {integrity: sha512-wBJA+SdtkbFhHjTMYH+dEH1y4VpfGdAc2Kw/LK09i9bXd/K6j6PkDcFCEzb6iVfZMkPRrl/q0e3toqTAJdkIVA==}

  '@szmarczak/http-timer@4.0.6':
    resolution: {integrity: sha1-tKkUu2LnwnLU5Zif5EQPgSqx2Ac=}
    engines: {node: '>=10'}

  '@tokenizer/token@0.3.0':
    resolution: {integrity: sha1-/pipP+eJJH6ZjHXnTpx8YyF6onY=}

  '@types/cacheable-request@6.0.3':
    resolution: {integrity: sha512-IQ3EbTzGxIigb1I3qPZc1rWJnH0BmSKv5QYTalEwweFvyBDLSAe24zP0le/hyi7ecGfZVlIVAg4BZqb8WBwKqw==}

  '@types/http-cache-semantics@4.0.4':
    resolution: {integrity: sha512-1m0bIFVc7eJWyve9S0RnuRgcQqF/Xd5QsUZAZeQFr1Q3/p9JWoQQEqmVy+DPTNpGXwhgIetAoYF8JSc33q29QA==}

  '@types/keyv@3.1.4':
    resolution: {integrity: sha512-BQ5aZNSCpj7D6K2ksrRCTmKRLEpnPvWDiLPfoGyhZ++8YtiK9d/3DBKPJgry359X/P1PfruyYwvnvwFjuEiEIg==}

  '@types/node@22.1.0':
    resolution: {integrity: sha512-AOmuRF0R2/5j1knA3c6G3HOk523Ga+l+ZXltX8SF1+5oqcXijjfTd8fY3XRZqSihEu9XhtQnKYLmkFaoxgsJHw==}

  '@types/responselike@1.0.3':
    resolution: {integrity: sha512-H/+L+UkTV33uf49PH5pCAUBVPNj2nDBXTN+qS1dOwyyg24l3CcicicCA7ca+HMvJBZcFgl5r8e+RR6elsb4Lyw==}

  anymatch@3.1.3:
    resolution: {integrity: sha512-KMReFUr0B4t+D+OBkjR3KYqvocp2XaSzO55UcB6mgQMd3KbcE+mWTyvVV7D/zsdEbNnV6acZUutkiHQXvTr1Rw==}
    engines: {node: '>= 8'}

  arch@2.2.0:
    resolution: {integrity: sha1-G8R4GPMFdk8jqzMGsL/AhsWinRE=}

  balanced-match@1.0.2:
    resolution: {integrity: sha1-6D46fj8wCzTLnYf2FfoMvzV2kO4=}

  bin-check@4.1.0:
    resolution: {integrity: sha1-/ElZcL3Ii7HVo1/BfmXEoUn8Skk=}
    engines: {node: '>=4'}

  bin-version-check@5.1.0:
    resolution: {integrity: sha512-bYsvMqJ8yNGILLz1KP9zKLzQ6YpljV3ln1gqhuLkUtyfGi3qXKGuK2p+U4NAvjVFzDFiBBtOpCOSFNuYYEGZ5g==}
    engines: {node: '>=12'}

  bin-version@6.0.0:
    resolution: {integrity: sha1-COy+X8h4mLRBQl4UX54QUGTQAxU=}
    engines: {node: '>=12'}

  binary-extensions@2.3.0:
    resolution: {integrity: sha512-Ceh+7ox5qe7LJuLHoY0feh3pHuUDHAcRUeyL2VYghZwfpkNIy/+8Ocg0a3UuSoYzavmylwuLWQOf3hl0jjMMIw==}
    engines: {node: '>=8'}

  brace-expansion@2.0.1:
    resolution: {integrity: sha1-HtxFng8MVISG7Pn8mfIiE2S5oK4=}

  braces@3.0.3:
    resolution: {integrity: sha512-yQbXgO/OSZVD2IsiLlro+7Hf6Q18EJrKSEsdoMzKePKXct3gvD8oLcOQdIzGupr5Fj+EDe8gO/lxc1BzfMpxvA==}
    engines: {node: '>=8'}

  browserslist@4.23.3:
    resolution: {integrity: sha512-btwCFJVjI4YWDNfau8RhZ+B1Q/VLoUITrm3RlP6y1tYGWIOa+InuYiRGXUBXo8nA1qKmHMyLB/iVQg5TT4eFoA==}
    engines: {node: ^6 || ^7 || ^8 || ^9 || ^10 || ^11 || ^12 || >=13.7}
    hasBin: true

  cacheable-lookup@5.0.4:
    resolution: {integrity: sha1-WmuGWyxENXvj1evCpGewMnGacAU=}
    engines: {node: '>=10.6.0'}

  cacheable-request@7.0.4:
    resolution: {integrity: sha512-v+p6ongsrp0yTGbJXjgxPow2+DL93DASP4kXCDKb8/bwRtt9OEF3whggkkDkGNzgcWy2XaF4a8nZglC7uElscg==}
    engines: {node: '>=8'}

  caniuse-lite@1.0.30001647:
    resolution: {integrity: sha512-n83xdNiyeNcHpzWY+1aFbqCK7LuLfBricc4+alSQL2Xb6OR3XpnQAmlDG+pQcdTfiHRuLcQ96VOfrPSGiNJYSg==}

  chokidar@3.6.0:
    resolution: {integrity: sha512-7VT13fmjotKpGipCW9JEQAusEPE+Ei8nl6/g4FBAmIm0GOOLMua9NDDo/DWp0ZAxCr3cPq5ZpBqmPAQgDda2Pw==}
    engines: {node: '>= 8.10.0'}

  clone-response@1.0.3:
    resolution: {integrity: sha512-ROoL94jJH2dUVML2Y/5PEDNaSHgeOdSDicUyS7izcF63G6sTc/FTjLub4b8Il9S8S0beOfYt0TaA5qvFK+w0wA==}

  commander@8.3.0:
    resolution: {integrity: sha1-SDfqGy2me5xhamevuw+v7lZ7ymY=}
    engines: {node: '>= 12'}

  content-disposition@0.5.4:
    resolution: {integrity: sha512-FveZTNuGw04cxlAiWbzi6zTAL/lhehaWbTtgluJh4/E95DqMwTmha3KZN1aAWA8cFIhHzMZUvLevkw5Rqk+tSQ==}
    engines: {node: '>= 0.6'}

  core-js@3.38.0:
    resolution: {integrity: sha512-XPpwqEodRljce9KswjZShh95qJ1URisBeKCjUdq27YdenkslVe7OO0ZJhlYXAChW7OhXaRLl8AAba7IBfoIHug==}

  cross-spawn@5.1.0:
    resolution: {integrity: sha1-6L0O/uWPz/b4+UUQoKVUu/ojVEk=}

  cross-spawn@7.0.3:
    resolution: {integrity: sha1-9zqFudXUHQRVUcF34ogtSshXKKY=}
    engines: {node: '>= 8'}

  decompress-response@6.0.0:
    resolution: {integrity: sha1-yjh2Et234QS9FthaqwDV7PCcZvw=}
    engines: {node: '>=10'}

  defer-to-connect@2.0.1:
    resolution: {integrity: sha1-gBa9tBQ+RjK3ejRJxiNid95SBYc=}
    engines: {node: '>=10'}

  electron-to-chromium@1.5.4:
    resolution: {integrity: sha512-orzA81VqLyIGUEA77YkVA1D+N+nNfl2isJVjjmOyrlxuooZ19ynb+dOlaDTqd/idKRS9lDCSBmtzM+kyCsMnkA==}

  end-of-stream@1.4.4:
    resolution: {integrity: sha1-WuZKX0UFe682JuwU2gyl5LJDHrA=}

  escalade@3.1.2:
    resolution: {integrity: sha512-ErCHMCae19vR8vQGe50xIsVomy19rg6gFu3+r3jkEO46suLMWBksvVyoGgQV+jOfl84ZSOSlmv6Gxa89PmTGmA==}
    engines: {node: '>=6'}

  escape-string-regexp@5.0.0:
    resolution: {integrity: sha1-RoMSa1ALYXYvLb66zhgG6L4xscg=}
    engines: {node: '>=12'}

  execa@0.7.0:
    resolution: {integrity: sha1-lEvs00zEHuMqY6n68nrVpl/Fl3c=}
    engines: {node: '>=4'}

  execa@5.1.1:
    resolution: {integrity: sha1-+ArZy/Qpj3vR1MlVXCHpN0HEEd0=}
    engines: {node: '>=10'}

  executable@4.1.1:
    resolution: {integrity: sha1-QVMr/zYdPlevTXY7cFgtsY9dEzw=}
    engines: {node: '>=4'}

  ext-list@2.2.2:
    resolution: {integrity: sha1-C5jmTtgvWs8PKTG6v2khLvUt3Tc=}
    engines: {node: '>=0.10.0'}

  ext-name@5.0.0:
    resolution: {integrity: sha1-cHgZgdGD7hXROZPIgiBFxQbI8KY=}
    engines: {node: '>=4'}

  fast-glob@3.3.2:
    resolution: {integrity: sha512-oX2ruAFQwf/Orj8m737Y5adxDQO0LAB7/S5MnxCdTNDd4p6BsyIVsv9JQsATbTSq8KHRpLwIHbVlUNatxd+1Ow==}
    engines: {node: '>=8.6.0'}

  fastq@1.17.1:
    resolution: {integrity: sha512-sRVD3lWVIXWg6By68ZN7vho9a1pQcN/WBFaAAsDDFzlJjvoGx0P8z7V1t72grFJfJhu3YPZBuu25f7Kaw2jN1w==}

  file-type@17.1.6:
    resolution: {integrity: sha512-hlDw5Ev+9e883s0pwUsuuYNu4tD7GgpUnOvykjv1Gya0ZIjuKumthDRua90VUn6/nlRKAjcxLUnHNTIUWwWIiw==}
    engines: {node: ^12.20.0 || ^14.13.1 || >=16.0.0}

  filename-reserved-regex@3.0.0:
    resolution: {integrity: sha1-PV3W1OLXOj/tLrxM0LNEiGmggfc=}
    engines: {node: ^12.20.0 || ^14.13.1 || >=16.0.0}

  filenamify@5.1.1:
    resolution: {integrity: sha512-M45CbrJLGACfrPOkrTp3j2EcO9OBkKUYME0eiqOCa7i2poaklU0jhlIaMlr8ijLorT0uLAzrn3qXOp5684CkfA==}
    engines: {node: '>=12.20'}

  fill-range@7.1.1:
    resolution: {integrity: sha512-YsGpe3WHLK8ZYi4tWDg2Jy3ebRz2rXowDxnld4bkQB00cc/1Zw9AWnC0i9ztDJitivtQvaI9KaLyKrc+hBW0yg==}
    engines: {node: '>=8'}

  find-versions@5.1.0:
    resolution: {integrity: sha512-+iwzCJ7C5v5KgcBuueqVoNiHVoQpwiUK5XFLjf0affFTep+Wcw93tPvmb8tqujDNmzhBDPddnWV/qgWSXgq+Hg==}
    engines: {node: '>=12'}

  fsevents@2.3.3:
    resolution: {integrity: sha512-5xoDfX+fL7faATnagmWPpbFtwh/R77WmMMqqHGS65C3vvB0YHrgF+B1YmZ3441tMj5n63k0212XNoJwzlhffQw==}
    engines: {node: ^8.16.0 || ^10.6.0 || >=11.0.0}
    os: [darwin]

  get-stream@3.0.0:
    resolution: {integrity: sha1-jpQ9E1jcN1VQVOy+LtsFqhdO3hQ=}
    engines: {node: '>=4'}

  get-stream@5.2.0:
    resolution: {integrity: sha1-SWaheV7lrOZecGxLe+txJX1uItM=}
    engines: {node: '>=8'}

  get-stream@6.0.1:
    resolution: {integrity: sha1-omLY7vZ6ztV8KFKtYWdSakPL97c=}
    engines: {node: '>=10'}

  glob-parent@5.1.2:
    resolution: {integrity: sha1-hpgyxYA0/mikCTwX3BXoNA2EAcQ=}
    engines: {node: '>= 6'}

  got@11.8.6:
    resolution: {integrity: sha512-6tfZ91bOr7bOXnK7PRDCGBLa1H4U080YHNaAQ2KsMGlLEzRbk44nsZF2E1IeRc3vtJHPVbKCYgdFbaGO2ljd8g==}
    engines: {node: '>=10.19.0'}

  http-cache-semantics@4.1.1:
    resolution: {integrity: sha512-er295DKPVsV82j5kw1Gjt+ADA/XYHsajl82cGNQG2eyoPkvgUhX+nDIyelzhIWbbsXP39EHcI6l5tYs2FYqYXQ==}

  http2-wrapper@1.0.3:
    resolution: {integrity: sha1-uPVeDB8l1OvQizsMLAeflZCACz0=}
    engines: {node: '>=10.19.0'}

  human-signals@2.1.0:
    resolution: {integrity: sha1-3JH8ukLk0G5Kuu0zs+ejwC9RTqA=}
    engines: {node: '>=10.17.0'}

  ieee754@1.2.1:
    resolution: {integrity: sha1-jrehCmP/8l0VpXsAFYbRd9Gw01I=}

  inherits@2.0.4:
    resolution: {integrity: sha1-D6LGT5MpF8NDOg3tVTY6rjdBa3w=}

  is-binary-path@2.1.0:
    resolution: {integrity: sha1-6h9/O4DwZCNug0cPhsCcJU+0Wwk=}
    engines: {node: '>=8'}

  is-extglob@2.1.1:
    resolution: {integrity: sha1-qIwCU1eR8C7TfHahueqXc8gz+MI=}
    engines: {node: '>=0.10.0'}

  is-glob@4.0.3:
    resolution: {integrity: sha1-ZPYeQsu7LuwgcanawLKLoeZdUIQ=}
    engines: {node: '>=0.10.0'}

  is-number@7.0.0:
    resolution: {integrity: sha1-dTU0W4lnNNX4DE0GxQlVUnoU8Ss=}
    engines: {node: '>=0.12.0'}

  is-plain-obj@1.1.0:
    resolution: {integrity: sha1-caUMhCnfync8kqOQpKA7OfzVHT4=}
    engines: {node: '>=0.10.0'}

  is-stream@1.1.0:
    resolution: {integrity: sha1-EtSj3U5o4Lec6428hBc66A2RykQ=}
    engines: {node: '>=0.10.0'}

  is-stream@2.0.1:
    resolution: {integrity: sha1-+sHj1TuXrVqdCunO8jifWBClwHc=}
    engines: {node: '>=8'}

  isexe@2.0.0:
    resolution: {integrity: sha1-6PvzdNxVb/iUehDcsFctYz8s+hA=}

  json-buffer@3.0.1:
    resolution: {integrity: sha1-kziAKjDTtmBfvgYT4JQAjKjAWhM=}

  keyv@4.5.4:
    resolution: {integrity: sha512-oxVHkHR/EJf2CNXnWxRLW6mg7JyCCUcG0DtEGmL2ctUo1PNTin1PUil+r/+4r5MpVgC/fn1kjsx7mjSujKqIpw==}

  lowercase-keys@2.0.0:
    resolution: {integrity: sha1-JgPni3tLAAbLyi+8yKMgJVislHk=}
    engines: {node: '>=8'}

  lru-cache@4.1.5:
    resolution: {integrity: sha1-i75Q6oW+1ZvJ4z3KuCNe6bz0Q80=}

  merge-stream@2.0.0:
    resolution: {integrity: sha1-UoI2KaFN0AyXcPtq1H3GMQ8sH2A=}

  merge2@1.4.1:
    resolution: {integrity: sha1-Q2iJL4hekHRVpv19xVwMnUBJkK4=}
    engines: {node: '>= 8'}

  micromatch@4.0.7:
    resolution: {integrity: sha512-LPP/3KorzCwBxfeUuZmaR6bG2kdeHSbe0P2tY3FLRU4vYrjYz5hI4QZwV0njUx3jeuKe67YukQ1LSPZBKDqO/Q==}
    engines: {node: '>=8.6'}

  mime-db@1.53.0:
    resolution: {integrity: sha512-oHlN/w+3MQ3rba9rqFr6V/ypF10LSkdwUysQL7GkXoTgIWeV+tcXGA852TBxH+gsh8UWoyhR1hKcoMJTuWflpg==}
    engines: {node: '>= 0.6'}

  mimic-fn@2.1.0:
    resolution: {integrity: sha1-ftLCzMyvhNP/y3pptXcR/CCDQBs=}
    engines: {node: '>=6'}

  mimic-response@1.0.1:
    resolution: {integrity: sha1-SSNTiHju9CBjy4o+OweYeBSHqxs=}
    engines: {node: '>=4'}

  mimic-response@3.1.0:
    resolution: {integrity: sha1-LR1Zr5wbEpgVrMwsRqAipc4fo8k=}
    engines: {node: '>=10'}

  minimatch@9.0.5:
    resolution: {integrity: sha512-G6T0ZX48xgozx7587koeX9Ys2NYy6Gmv//P89sEte9V9whIapMNF4idKxnW2QtCcLiTWlb/wfCabAtAFWhhBow==}
    engines: {node: '>=16 || 14 >=14.17'}

  nice-napi@1.0.2:
    resolution: {integrity: sha512-px/KnJAJZf5RuBGcfD+Sp2pAKq0ytz8j+1NehvgIGFkvtvFrDM3T8E4x/JJODXK9WZow8RRGrbA9QQ3hs+pDhA==}
    os: ['!win32']

  node-addon-api@3.2.1:
    resolution: {integrity: sha1-gTJeCiEXeJwBKNq2Xn448HzroWE=}

  node-gyp-build@4.8.1:
    resolution: {integrity: sha512-OSs33Z9yWr148JZcbZd5WiAXhh/n9z8TxQcdMhIOlpN9AhWpLfvVFO73+m77bBABQMaY9XSvIa+qk0jlI7Gcaw==}
    hasBin: true

  node-releases@2.0.18:
    resolution: {integrity: sha512-d9VeXT4SJ7ZeOqGX6R5EM022wpL+eWPooLI+5UpWn2jCT1aosUQEhQP214x33Wkwx3JQMvIm+tIoVOdodFS40g==}

  normalize-path@3.0.0:
    resolution: {integrity: sha1-Dc1p/yOhybEf0JeDFmRKA4ghamU=}
    engines: {node: '>=0.10.0'}

  normalize-url@6.1.0:
    resolution: {integrity: sha1-QNCIW1Nd7/4/MUe+yHfQX+TFZoo=}
    engines: {node: '>=10'}

  npm-run-path@2.0.2:
    resolution: {integrity: sha1-NakjLfo11wZ7TLLd8jV7GHFTbF8=}
    engines: {node: '>=4'}

  npm-run-path@4.0.1:
    resolution: {integrity: sha1-t+zR5e1T2o43pV4cImnguX7XSOo=}
    engines: {node: '>=8'}

  once@1.4.0:
    resolution: {integrity: sha1-WDsap3WWHUsROsF9nFC6753Xa9E=}

  onetime@5.1.2:
    resolution: {integrity: sha1-0Oluu1awdHbfHdnEgG5SN5hcpF4=}
    engines: {node: '>=6'}

  os-filter-obj@2.0.0:
    resolution: {integrity: sha1-HAti1fOiRCdJotE55t3e5ugdjRY=}
    engines: {node: '>=4'}

  p-cancelable@2.1.1:
    resolution: {integrity: sha1-qrf71BZYL6MqPbSYWcEiSHxe0s8=}
    engines: {node: '>=8'}

  p-finally@1.0.0:
    resolution: {integrity: sha1-P7z7FbiZpEEjs0ttzBi3JDNqLK4=}
    engines: {node: '>=4'}

  path-key@2.0.1:
    resolution: {integrity: sha1-QRyttXTFoUDTpLGRDUDYDMn0C0A=}
    engines: {node: '>=4'}

  path-key@3.1.1:
    resolution: {integrity: sha1-WB9q3mWMu6ZaDTOA3ndTKVBU83U=}
    engines: {node: '>=8'}

  peek-readable@5.1.3:
    resolution: {integrity: sha512-kCsc9HwH5RgVA3H3VqkWFyGQwsxUxLdiSX1d5nqAm7hnMFjNFX1VhBLmJoUY0hZNc8gmDNgBkLjfhiWPsziXWA==}
    engines: {node: '>=14.16'}

  picocolors@1.0.1:
    resolution: {integrity: sha512-anP1Z8qwhkbmu7MFP5iTt+wQKXgwzf7zTyGlcdzabySa9vd0Xt392U0rVmz9poOaBj0uHJKyyo9/upk0HrEQew==}

  picomatch@2.3.1:
    resolution: {integrity: sha512-JU3teHTNjmE2VCGFzuY8EXzCDVwEqB2a8fsIvwaStHhAWJEeVd1o1QD80CU6+ZdEXXSLbSsuLwJjkCBWqRQUVA==}
    engines: {node: '>=8.6'}

  pify@2.3.0:
    resolution: {integrity: sha1-7RQaasBDqEnqWISY59yosVMw6Qw=}
    engines: {node: '>=0.10.0'}

  piscina@4.6.1:
    resolution: {integrity: sha512-z30AwWGtQE+Apr+2WBZensP2lIvwoaMcOPkQlIEmSGMJNUvaYACylPYrQM6wSdUNJlnDVMSpLv7xTMJqlVshOA==}

  pseudomap@1.0.2:
    resolution: {integrity: sha1-8FKijacOYYkX7wqKw0wa5aaChrM=}

  pump@3.0.0:
    resolution: {integrity: sha1-tKIRaBW94vTh6mAjVOjHVWUQemQ=}

  queue-microtask@1.2.3:
    resolution: {integrity: sha1-SSkii7xyTfrEPg77BYyve2z7YkM=}

  quick-lru@5.1.1:
    resolution: {integrity: sha1-NmST5rPkKjpoheLpnRj4D7eoyTI=}
    engines: {node: '>=10'}

  readable-stream@3.6.2:
    resolution: {integrity: sha512-9u/sniCrY3D5WdsERHzHE4G2YCXqoG5FTHUiCC4SIbr6XcLZBY05ya9EKjYek9O5xOAwjGq+1JdGBAS7Q9ScoA==}
    engines: {node: '>= 6'}

  readable-web-to-node-stream@3.0.2:
    resolution: {integrity: sha1-XVK7Xfe1SGH9SNAV6TosuHs+4Ls=}
    engines: {node: '>=8'}

  readdirp@3.6.0:
    resolution: {integrity: sha1-dKNwvYVxFuJFspzJc0DNQxoCpsc=}
    engines: {node: '>=8.10.0'}

  resolve-alpn@1.2.1:
    resolution: {integrity: sha1-t629rDVGqq7CC0Xn2CZZJwcnJvk=}

  responselike@2.0.1:
    resolution: {integrity: sha512-4gl03wn3hj1HP3yzgdI7d3lCkF95F21Pz4BPGvKHinyQzALR5CapwC8yIi0Rh58DEMQ/SguC03wFj2k0M/mHhw==}

  reusify@1.0.4:
    resolution: {integrity: sha1-kNo4Kx4SbvwCFG6QhFqI2xKSXXY=}
    engines: {iojs: '>=1.0.0', node: '>=0.10.0'}

  run-parallel@1.2.0:
    resolution: {integrity: sha1-ZtE2jae9+SHrnZW9GpIp5/IaQ+4=}

  safe-buffer@5.2.1:
    resolution: {integrity: sha1-Hq+fqb2x/dTsdfWPnNtOa3gn7sY=}

  semver-regex@4.0.5:
    resolution: {integrity: sha512-hunMQrEy1T6Jr2uEVjrAIqjwWcQTgOAcIM52C8MY1EZSD3DDNft04XzvYKPqjED65bNVVko0YI38nYeEHCX3yw==}
    engines: {node: '>=12'}

  semver-truncate@3.0.0:
    resolution: {integrity: sha1-DjtIJdSkIl2K5ufHIjEYK0LtukA=}
    engines: {node: '>=12'}

  semver@7.6.3:
    resolution: {integrity: sha512-oVekP1cKtI+CTDvHWYFUcMtsK/00wmAEfyqKfNdARm8u1wNVhSgaX7A8d4UuIlUI5e84iEwOhs7ZPYRmzU9U6A==}
    engines: {node: '>=10'}
    hasBin: true

  shebang-command@1.2.0:
    resolution: {integrity: sha1-RKrGW2lbAzmJaMOfNj/uXer98eo=}
    engines: {node: '>=0.10.0'}

  shebang-command@2.0.0:
    resolution: {integrity: sha1-zNCvT4g1+9wmW4JGGq8MNmY/NOo=}
    engines: {node: '>=8'}

  shebang-regex@1.0.0:
    resolution: {integrity: sha1-2kL0l0DAtC2yypcoVxyxkMmO/qM=}
    engines: {node: '>=0.10.0'}

  shebang-regex@3.0.0:
    resolution: {integrity: sha1-rhbxZE2HPsrYQ7AwexQzYtTEIXI=}
    engines: {node: '>=8'}

  signal-exit@3.0.7:
    resolution: {integrity: sha512-wnD2ZE+l+SPC/uoS0vXeE9L1+0wuaMqKlfz9AMUo38JsyLSBWSFcHR1Rri62LZc12vLr1gb3jl7iwQhgwpAbGQ==}

  slash@3.0.0:
    resolution: {integrity: sha1-ZTm+hwwWWtvVJAIg2+Nh8bxNRjQ=}
    engines: {node: '>=8'}

  sort-keys-length@1.0.1:
    resolution: {integrity: sha1-nLb09OnkgVWmqgZx7dM2/xR5oYg=}
    engines: {node: '>=0.10.0'}

  sort-keys@1.1.2:
    resolution: {integrity: sha1-RBttTTRnmPG05J6JIK37oOVD+a0=}
    engines: {node: '>=0.10.0'}

  source-map@0.7.4:
    resolution: {integrity: sha512-l3BikUxvPOcn5E74dZiq5BGsTb5yEwhaTSzccU6t4sDOH8NWJCstKO5QT2CvtFoK6F0saL7p9xHAqHOlCPJygA==}
    engines: {node: '>= 8'}

  string_decoder@1.3.0:
    resolution: {integrity: sha1-QvEUWUpGzxqOMLCoT1bHjD7awh4=}

  strip-eof@1.0.0:
    resolution: {integrity: sha1-u0P/VZim6wXYm1n80SnJgzE2Br8=}
    engines: {node: '>=0.10.0'}

  strip-final-newline@2.0.0:
    resolution: {integrity: sha1-ibhS+y/L6Tb29LMYevsKEsGrWK0=}
    engines: {node: '>=6'}

  strip-outer@2.0.0:
    resolution: {integrity: sha1-xFxyTtmx/2vl9mBQN5FAT0cUCEs=}
    engines: {node: ^12.20.0 || ^14.13.1 || >=16.0.0}

  strtok3@7.1.1:
    resolution: {integrity: sha512-mKX8HA/cdBqMKUr0MMZAFssCkIGoZeSCMXgnt79yKxNFguMLVFgRe6wB+fsL0NmoHDbeyZXczy7vEPSoo3rkzg==}
    engines: {node: '>=16'}

  to-regex-range@5.0.1:
    resolution: {integrity: sha1-FkjESq58jZiKMmAY7XL1tN0DkuQ=}
    engines: {node: '>=8.0'}

  token-types@5.0.1:
    resolution: {integrity: sha512-Y2fmSnZjQdDb9W4w4r1tswlMHylzWIeOKpx0aZH9BgGtACHhrk3OkT52AzwcuqTRBZtvvnTjDBh8eynMulu8Vg==}
    engines: {node: '>=14.16'}

  trim-repeated@2.0.0:
    resolution: {integrity: sha1-XWBVbW1A2UYbfH4Gw6wgtrHVAJA=}
    engines: {node: '>=12'}

  tslib@2.6.3:
    resolution: {integrity: sha512-xNvxJEOUiWPGhUuUdQgAJPKOOJfGnIyKySOc09XkKsgdUV/3E2zvwZYdejjmRgPCgcym1juLH3226yA7sEFJKQ==}

  undici-types@6.13.0:
    resolution: {integrity: sha512-xtFJHudx8S2DSoujjMd1WeWvn7KKWFRESZTMeL1RptAYERu29D6jphMjjY+vn96jvN3kVPDNxU/E13VTaXj6jg==}

  update-browserslist-db@1.1.0:
    resolution: {integrity: sha512-EdRAaAyk2cUE1wOf2DkEhzxqOQvFOoRJFNS6NeyJ01Gp2beMRpBAINjM2iDXE3KCuKhwnvHIQCJm6ThL2Z+HzQ==}
    hasBin: true
    peerDependencies:
      browserslist: '>= 4.21.0'

  util-deprecate@1.0.2:
    resolution: {integrity: sha1-RQ1Nyfpw3nMnYvvS1KKJgUGaDM8=}

  which@1.3.1:
    resolution: {integrity: sha1-pFBD1U9YBTFtqNYvn1CRjT2nCwo=}
    hasBin: true

  which@2.0.2:
    resolution: {integrity: sha1-fGqN0KY2oDJ+ELWckobu6T8/UbE=}
    engines: {node: '>= 8'}
    hasBin: true

  wrappy@1.0.2:
    resolution: {integrity: sha1-tSQ9jz7BqjXxNkYFvA0QNuMKtp8=}

  yallist@2.1.2:
    resolution: {integrity: sha1-HBH5IY8HYImkfdUS+TxmmaaoHVI=}

snapshots:

  '@mole-inc/bin-wrapper@8.0.1':
    dependencies:
      bin-check: 4.1.0
      bin-version-check: 5.1.0
      content-disposition: 0.5.4
      ext-name: 5.0.0
      file-type: 17.1.6
      filenamify: 5.1.1
      got: 11.8.6
      os-filter-obj: 2.0.0

  '@nodelib/fs.scandir@2.1.5':
    dependencies:
      '@nodelib/fs.stat': 2.0.5
      run-parallel: 1.2.0

  '@nodelib/fs.stat@2.0.5': {}

  '@nodelib/fs.walk@1.2.8':
    dependencies:
      '@nodelib/fs.scandir': 2.1.5
      fastq: 1.17.1

  '@sindresorhus/is@4.6.0': {}

  '@swc/cli@0.4.0(@swc/core@1.7.6(@swc/helpers@0.5.12))(chokidar@3.6.0)':
    dependencies:
      '@mole-inc/bin-wrapper': 8.0.1
      '@swc/core': 1.7.6(@swc/helpers@0.5.12)
      '@swc/counter': 0.1.3
      commander: 8.3.0
      fast-glob: 3.3.2
      minimatch: 9.0.5
      piscina: 4.6.1
      semver: 7.6.3
      slash: 3.0.0
      source-map: 0.7.4
    optionalDependencies:
      chokidar: 3.6.0

  '@swc/core-darwin-arm64@1.7.6':
    optional: true

  '@swc/core-darwin-x64@1.7.6':
    optional: true

  '@swc/core-linux-arm-gnueabihf@1.7.6':
    optional: true

  '@swc/core-linux-arm64-gnu@1.7.6':
    optional: true

  '@swc/core-linux-arm64-musl@1.7.6':
    optional: true

  '@swc/core-linux-x64-gnu@1.7.6':
    optional: true

  '@swc/core-linux-x64-musl@1.7.6':
    optional: true

  '@swc/core-win32-arm64-msvc@1.7.6':
    optional: true

  '@swc/core-win32-ia32-msvc@1.7.6':
    optional: true

  '@swc/core-win32-x64-msvc@1.7.6':
    optional: true

  '@swc/core@1.7.6(@swc/helpers@0.5.12)':
    dependencies:
      '@swc/counter': 0.1.3
      '@swc/types': 0.1.12
    optionalDependencies:
      '@swc/core-darwin-arm64': 1.7.6
      '@swc/core-darwin-x64': 1.7.6
      '@swc/core-linux-arm-gnueabihf': 1.7.6
      '@swc/core-linux-arm64-gnu': 1.7.6
      '@swc/core-linux-arm64-musl': 1.7.6
      '@swc/core-linux-x64-gnu': 1.7.6
      '@swc/core-linux-x64-musl': 1.7.6
      '@swc/core-win32-arm64-msvc': 1.7.6
      '@swc/core-win32-ia32-msvc': 1.7.6
      '@swc/core-win32-x64-msvc': 1.7.6
      '@swc/helpers': 0.5.12

  '@swc/counter@0.1.3': {}

  '@swc/helpers@0.5.12':
    dependencies:
      tslib: 2.6.3

  '@swc/types@0.1.12':
    dependencies:
      '@swc/counter': 0.1.3

  '@szmarczak/http-timer@4.0.6':
    dependencies:
      defer-to-connect: 2.0.1

  '@tokenizer/token@0.3.0': {}

  '@types/cacheable-request@6.0.3':
    dependencies:
      '@types/http-cache-semantics': 4.0.4
      '@types/keyv': 3.1.4
      '@types/node': 22.1.0
      '@types/responselike': 1.0.3

  '@types/http-cache-semantics@4.0.4': {}

  '@types/keyv@3.1.4':
    dependencies:
      '@types/node': 22.1.0

  '@types/node@22.1.0':
    dependencies:
      undici-types: 6.13.0

  '@types/responselike@1.0.3':
    dependencies:
      '@types/node': 22.1.0

  anymatch@3.1.3:
    dependencies:
      normalize-path: 3.0.0
      picomatch: 2.3.1

  arch@2.2.0: {}

  balanced-match@1.0.2: {}

  bin-check@4.1.0:
    dependencies:
      execa: 0.7.0
      executable: 4.1.1

  bin-version-check@5.1.0:
    dependencies:
      bin-version: 6.0.0
      semver: 7.6.3
      semver-truncate: 3.0.0

  bin-version@6.0.0:
    dependencies:
      execa: 5.1.1
      find-versions: 5.1.0

  binary-extensions@2.3.0: {}

  brace-expansion@2.0.1:
    dependencies:
      balanced-match: 1.0.2

  braces@3.0.3:
    dependencies:
      fill-range: 7.1.1

  browserslist@4.23.3:
    dependencies:
      caniuse-lite: 1.0.30001647
      electron-to-chromium: 1.5.4
      node-releases: 2.0.18
      update-browserslist-db: 1.1.0(browserslist@4.23.3)

  cacheable-lookup@5.0.4: {}

  cacheable-request@7.0.4:
    dependencies:
      clone-response: 1.0.3
      get-stream: 5.2.0
      http-cache-semantics: 4.1.1
      keyv: 4.5.4
      lowercase-keys: 2.0.0
      normalize-url: 6.1.0
      responselike: 2.0.1

  caniuse-lite@1.0.30001647: {}

  chokidar@3.6.0:
    dependencies:
      anymatch: 3.1.3
      braces: 3.0.3
      glob-parent: 5.1.2
      is-binary-path: 2.1.0
      is-glob: 4.0.3
      normalize-path: 3.0.0
      readdirp: 3.6.0
    optionalDependencies:
      fsevents: 2.3.3

  clone-response@1.0.3:
    dependencies:
      mimic-response: 1.0.1

  commander@8.3.0: {}

  content-disposition@0.5.4:
    dependencies:
      safe-buffer: 5.2.1

  core-js@3.38.0: {}

  cross-spawn@5.1.0:
    dependencies:
      lru-cache: 4.1.5
      shebang-command: 1.2.0
      which: 1.3.1

  cross-spawn@7.0.3:
    dependencies:
      path-key: 3.1.1
      shebang-command: 2.0.0
      which: 2.0.2

  decompress-response@6.0.0:
    dependencies:
      mimic-response: 3.1.0

  defer-to-connect@2.0.1: {}

  electron-to-chromium@1.5.4: {}

  end-of-stream@1.4.4:
    dependencies:
      once: 1.4.0

  escalade@3.1.2: {}

  escape-string-regexp@5.0.0: {}

  execa@0.7.0:
    dependencies:
      cross-spawn: 5.1.0
      get-stream: 3.0.0
      is-stream: 1.1.0
      npm-run-path: 2.0.2
      p-finally: 1.0.0
      signal-exit: 3.0.7
      strip-eof: 1.0.0

  execa@5.1.1:
    dependencies:
      cross-spawn: 7.0.3
      get-stream: 6.0.1
      human-signals: 2.1.0
      is-stream: 2.0.1
      merge-stream: 2.0.0
      npm-run-path: 4.0.1
      onetime: 5.1.2
      signal-exit: 3.0.7
      strip-final-newline: 2.0.0

  executable@4.1.1:
    dependencies:
      pify: 2.3.0

  ext-list@2.2.2:
    dependencies:
      mime-db: 1.53.0

  ext-name@5.0.0:
    dependencies:
      ext-list: 2.2.2
      sort-keys-length: 1.0.1

  fast-glob@3.3.2:
    dependencies:
      '@nodelib/fs.stat': 2.0.5
      '@nodelib/fs.walk': 1.2.8
      glob-parent: 5.1.2
      merge2: 1.4.1
      micromatch: 4.0.7

  fastq@1.17.1:
    dependencies:
      reusify: 1.0.4

  file-type@17.1.6:
    dependencies:
      readable-web-to-node-stream: 3.0.2
      strtok3: 7.1.1
      token-types: 5.0.1

  filename-reserved-regex@3.0.0: {}

  filenamify@5.1.1:
    dependencies:
      filename-reserved-regex: 3.0.0
      strip-outer: 2.0.0
      trim-repeated: 2.0.0

  fill-range@7.1.1:
    dependencies:
      to-regex-range: 5.0.1

  find-versions@5.1.0:
    dependencies:
      semver-regex: 4.0.5

  fsevents@2.3.3:
    optional: true

  get-stream@3.0.0: {}

  get-stream@5.2.0:
    dependencies:
      pump: 3.0.0

  get-stream@6.0.1: {}

  glob-parent@5.1.2:
    dependencies:
      is-glob: 4.0.3

  got@11.8.6:
    dependencies:
      '@sindresorhus/is': 4.6.0
      '@szmarczak/http-timer': 4.0.6
      '@types/cacheable-request': 6.0.3
      '@types/responselike': 1.0.3
      cacheable-lookup: 5.0.4
      cacheable-request: 7.0.4
      decompress-response: 6.0.0
      http2-wrapper: 1.0.3
      lowercase-keys: 2.0.0
      p-cancelable: 2.1.1
      responselike: 2.0.1

  http-cache-semantics@4.1.1: {}

  http2-wrapper@1.0.3:
    dependencies:
      quick-lru: 5.1.1
      resolve-alpn: 1.2.1

  human-signals@2.1.0: {}

  ieee754@1.2.1: {}

  inherits@2.0.4: {}

  is-binary-path@2.1.0:
    dependencies:
      binary-extensions: 2.3.0

  is-extglob@2.1.1: {}

  is-glob@4.0.3:
    dependencies:
      is-extglob: 2.1.1

  is-number@7.0.0: {}

  is-plain-obj@1.1.0: {}

  is-stream@1.1.0: {}

  is-stream@2.0.1: {}

  isexe@2.0.0: {}

  json-buffer@3.0.1: {}

  keyv@4.5.4:
    dependencies:
      json-buffer: 3.0.1

  lowercase-keys@2.0.0: {}

  lru-cache@4.1.5:
    dependencies:
      pseudomap: 1.0.2
      yallist: 2.1.2

  merge-stream@2.0.0: {}

  merge2@1.4.1: {}

  micromatch@4.0.7:
    dependencies:
      braces: 3.0.3
      picomatch: 2.3.1

  mime-db@1.53.0: {}

  mimic-fn@2.1.0: {}

  mimic-response@1.0.1: {}

  mimic-response@3.1.0: {}

  minimatch@9.0.5:
    dependencies:
      brace-expansion: 2.0.1

  nice-napi@1.0.2:
    dependencies:
      node-addon-api: 3.2.1
      node-gyp-build: 4.8.1
    optional: true

  node-addon-api@3.2.1:
    optional: true

  node-gyp-build@4.8.1:
    optional: true

  node-releases@2.0.18: {}

  normalize-path@3.0.0: {}

  normalize-url@6.1.0: {}

  npm-run-path@2.0.2:
    dependencies:
      path-key: 2.0.1

  npm-run-path@4.0.1:
    dependencies:
      path-key: 3.1.1

  once@1.4.0:
    dependencies:
      wrappy: 1.0.2

  onetime@5.1.2:
    dependencies:
      mimic-fn: 2.1.0

  os-filter-obj@2.0.0:
    dependencies:
      arch: 2.2.0

  p-cancelable@2.1.1: {}

  p-finally@1.0.0: {}

  path-key@2.0.1: {}

  path-key@3.1.1: {}

  peek-readable@5.1.3: {}

  picocolors@1.0.1: {}

  picomatch@2.3.1: {}

  pify@2.3.0: {}

  piscina@4.6.1:
    optionalDependencies:
      nice-napi: 1.0.2

  pseudomap@1.0.2: {}

  pump@3.0.0:
    dependencies:
      end-of-stream: 1.4.4
      once: 1.4.0

  queue-microtask@1.2.3: {}

  quick-lru@5.1.1: {}

  readable-stream@3.6.2:
    dependencies:
      inherits: 2.0.4
      string_decoder: 1.3.0
      util-deprecate: 1.0.2

  readable-web-to-node-stream@3.0.2:
    dependencies:
      readable-stream: 3.6.2

  readdirp@3.6.0:
    dependencies:
      picomatch: 2.3.1

  resolve-alpn@1.2.1: {}

  responselike@2.0.1:
    dependencies:
      lowercase-keys: 2.0.0

  reusify@1.0.4: {}

  run-parallel@1.2.0:
    dependencies:
      queue-microtask: 1.2.3

  safe-buffer@5.2.1: {}

  semver-regex@4.0.5: {}

  semver-truncate@3.0.0:
    dependencies:
      semver: 7.6.3

  semver@7.6.3: {}

  shebang-command@1.2.0:
    dependencies:
      shebang-regex: 1.0.0

  shebang-command@2.0.0:
    dependencies:
      shebang-regex: 3.0.0

  shebang-regex@1.0.0: {}

  shebang-regex@3.0.0: {}

  signal-exit@3.0.7: {}

  slash@3.0.0: {}

  sort-keys-length@1.0.1:
    dependencies:
      sort-keys: 1.1.2

  sort-keys@1.1.2:
    dependencies:
      is-plain-obj: 1.1.0

  source-map@0.7.4: {}

  string_decoder@1.3.0:
    dependencies:
      safe-buffer: 5.2.1

  strip-eof@1.0.0: {}

  strip-final-newline@2.0.0: {}

  strip-outer@2.0.0: {}

  strtok3@7.1.1:
    dependencies:
      '@tokenizer/token': 0.3.0
      peek-readable: 5.1.3

  to-regex-range@5.0.1:
    dependencies:
      is-number: 7.0.0

  token-types@5.0.1:
    dependencies:
      '@tokenizer/token': 0.3.0
      ieee754: 1.2.1

  trim-repeated@2.0.0:
    dependencies:
      escape-string-regexp: 5.0.0

  tslib@2.6.3: {}

  undici-types@6.13.0: {}

  update-browserslist-db@1.1.0(browserslist@4.23.3):
    dependencies:
      browserslist: 4.23.3
      escalade: 3.1.2
      picocolors: 1.0.1

  util-deprecate@1.0.2: {}

  which@1.3.1:
    dependencies:
      isexe: 2.0.0

  which@2.0.2:
    dependencies:
      isexe: 2.0.0

  wrappy@1.0.2: {}

  yallist@2.1.2: {}
