# THIS IS AN AUTOGENERATED FILE. DO NOT EDIT THIS FILE DIRECTLY.
# yarn lockfile v1


"@napi-rs/triples@^1.0.3":
  version "1.0.3"
  resolved "https://registry.nlark.com/@napi-rs/triples/download/@napi-rs/triples-1.0.3.tgz?cache=0&sync_timestamp=1626933254746&other_urls=https%3A%2F%2Fregistry.nlark.com%2F%40napi-rs%2Ftriples%2Fdownload%2F%40napi-rs%2Ftriples-1.0.3.tgz#76d6d0c3f4d16013c61e45dfca5ff1e6c31ae53c"
  integrity sha1-dtbQw/TRYBPGHkXfyl/x5sMa5Tw=

"@node-rs/helper@^1.0.0":
  version "1.2.1"
  resolved "https://registry.nlark.com/@node-rs/helper/download/@node-rs/helper-1.2.1.tgz#e079b05f21ff4329d82c4e1f71c0290e4ecdc70c"
  integrity sha1-4HmwXyH/QynYLE4fccApDk7Nxww=
  dependencies:
    "@napi-rs/triples" "^1.0.3"

"@nodelib/fs.scandir@2.1.5":
  version "2.1.5"
  resolved "https://registry.nlark.com/@nodelib/fs.scandir/download/@nodelib/fs.scandir-2.1.5.tgz#7619c2eb21b25483f6d167548b4cfd5a7488c3d5"
  integrity sha1-dhnC6yGyVIP20WdUi0z9WnSIw9U=
  dependencies:
    "@nodelib/fs.stat" "2.0.5"
    run-parallel "^1.1.9"

"@nodelib/fs.stat@2.0.5", "@nodelib/fs.stat@^2.0.2":
  version "2.0.5"
  resolved "https://registry.nlark.com/@nodelib/fs.stat/download/@nodelib/fs.stat-2.0.5.tgz?cache=0&other_urls=https%3A%2F%2Fregistry.nlark.com%2F%40nodelib%2Ffs.stat%2Fdownload%2F%40nodelib%2Ffs.stat-2.0.5.tgz#5bd262af94e9d25bd1e71b05deed44876a222e8b"
  integrity sha1-W9Jir5Tp0lvR5xsF3u1Eh2oiLos=

"@nodelib/fs.walk@^1.2.3":
  version "1.2.8"
  resolved "https://registry.nlark.com/@nodelib/fs.walk/download/@nodelib/fs.walk-1.2.8.tgz#e95737e8bb6746ddedf69c556953494f196fe69a"
  integrity sha1-6Vc36LtnRt3t9pxVaVNJTxlv5po=
  dependencies:
    "@nodelib/fs.scandir" "2.1.5"
    fastq "^1.6.0"

"@swc/cli@^0.1.46":
  version "0.1.46"
  resolved "https://registry.nlark.com/@swc/cli/download/@swc/cli-0.1.46.tgz#b6de4f39bd451ef6397c60a682ff6e3e7112bedc"
  integrity sha1-tt5POb1FHvY5fGCmgv9uPnESvtw=
  dependencies:
    commander "^7.1.0"
    fast-glob "^3.2.5"
    slash "3.0.0"
    source-map "^0.7.3"

"@swc/core-android-arm64@^1.2.77":
  version "1.2.77"
  resolved "https://registry.nlark.com/@swc/core-android-arm64/download/@swc/core-android-arm64-1.2.77.tgz#a38b47dad4e3274ba845968399fde054356e159c"
  integrity sha1-o4tH2tTjJ0uoRZaDmf3gVDVuFZw=

"@swc/core-darwin-arm64@^1.2.77":
  version "1.2.77"
  resolved "https://registry.nlark.com/@swc/core-darwin-arm64/download/@swc/core-darwin-arm64-1.2.77.tgz#c7a6c87d071e4e0a0f023d3edcd0ffee4f2dc943"
  integrity sha1-x6bIfQceTgoPAj0+3ND/7k8tyUM=

"@swc/core-darwin-x64@^1.2.77":
  version "1.2.77"
  resolved "https://registry.nlark.com/@swc/core-darwin-x64/download/@swc/core-darwin-x64-1.2.77.tgz#be7e71915077b53fd3fb74b60b5d9afbcc26c800"
  integrity sha1-vn5xkVB3tT/T+3S2C12a+8wmyAA=

"@swc/core-freebsd-x64@^1.2.77":
  version "1.2.77"
  resolved "https://registry.nlark.com/@swc/core-freebsd-x64/download/@swc/core-freebsd-x64-1.2.77.tgz#f4041a267c8472ce6a1da7bcd4fad007756ef249"
  integrity sha1-9AQaJnyEcs5qHae81PrQB3Vu8kk=

"@swc/core-linux-arm-gnueabihf@^1.2.77":
  version "1.2.77"
  resolved "https://registry.nlark.com/@swc/core-linux-arm-gnueabihf/download/@swc/core-linux-arm-gnueabihf-1.2.77.tgz#3ed010ba111cd16fe4d3d5775ad51fc1fc18c1fd"
  integrity sha1-PtAQuhEc0W/k09V3WtUfwfwYwf0=

"@swc/core-linux-arm64-gnu@^1.2.77":
  version "1.2.77"
  resolved "https://registry.nlark.com/@swc/core-linux-arm64-gnu/download/@swc/core-linux-arm64-gnu-1.2.77.tgz#2003fa7b425dd3a5cf1c0eb04ac0e5403b587471"
  integrity sha1-IAP6e0Jd06XPHA6wSsDlQDtYdHE=

"@swc/core-linux-arm64-musl@^1.2.77":
  version "1.2.77"
  resolved "https://registry.nlark.com/@swc/core-linux-arm64-musl/download/@swc/core-linux-arm64-musl-1.2.77.tgz#8fa1231ad189f46f82a0ec7bffcbcb88ae36268d"
  integrity sha1-j6EjGtGJ9G+CoOx7/8vLiK42Jo0=

"@swc/core-linux-x64-gnu@^1.2.77":
  version "1.2.77"
  resolved "https://registry.nlark.com/@swc/core-linux-x64-gnu/download/@swc/core-linux-x64-gnu-1.2.77.tgz#3fd021e4ca3e6c763006fed63e5eb9b1871e05b6"
  integrity sha1-P9Ah5Mo+bHYwBv7WPl65sYceBbY=

"@swc/core-linux-x64-musl@^1.2.77":
  version "1.2.77"
  resolved "https://registry.nlark.com/@swc/core-linux-x64-musl/download/@swc/core-linux-x64-musl-1.2.77.tgz#8f47e71f7888b723b0303caf4ff5042600361898"
  integrity sha1-j0fnH3iItyOwMDyvT/UEJgA2GJg=

"@swc/core-win32-arm64-msvc@^1.2.77":
  version "1.2.77"
  resolved "https://registry.nlark.com/@swc/core-win32-arm64-msvc/download/@swc/core-win32-arm64-msvc-1.2.77.tgz#be9d9de0656f619115cacc49213e5070d1a66277"
  integrity sha1-vp2d4GVvYZEVysxJIT5QcNGmYnc=

"@swc/core-win32-ia32-msvc@^1.2.77":
  version "1.2.77"
  resolved "https://registry.nlark.com/@swc/core-win32-ia32-msvc/download/@swc/core-win32-ia32-msvc-1.2.77.tgz#305e8bfb72e765d06e8b4dece5387b5b8b3326ca"
  integrity sha1-MF6L+3LnZdBui03s5Th7W4szJso=

"@swc/core-win32-x64-msvc@^1.2.77":
  version "1.2.77"
  resolved "https://registry.nlark.com/@swc/core-win32-x64-msvc/download/@swc/core-win32-x64-msvc-1.2.77.tgz#b5195e2e153a34e659d12d705f00d006c7acee3c"
  integrity sha1-tRleLhU6NOZZ0S1wXwDQBses7jw=

"@swc/core@^1.2.77":
  version "1.2.77"
  resolved "https://registry.nlark.com/@swc/core/download/@swc/core-1.2.77.tgz#f55b1115c444768c0bf0df6b191aa3123f41a452"
  integrity sha1-9VsRFcREdowL8N9rGRqjEj9BpFI=
  dependencies:
    "@node-rs/helper" "^1.0.0"
  optionalDependencies:
    "@swc/core-android-arm64" "^1.2.77"
    "@swc/core-darwin-arm64" "^1.2.77"
    "@swc/core-darwin-x64" "^1.2.77"
    "@swc/core-freebsd-x64" "^1.2.77"
    "@swc/core-linux-arm-gnueabihf" "^1.2.77"
    "@swc/core-linux-arm64-gnu" "^1.2.77"
    "@swc/core-linux-arm64-musl" "^1.2.77"
    "@swc/core-linux-x64-gnu" "^1.2.77"
    "@swc/core-linux-x64-musl" "^1.2.77"
    "@swc/core-win32-arm64-msvc" "^1.2.77"
    "@swc/core-win32-ia32-msvc" "^1.2.77"
    "@swc/core-win32-x64-msvc" "^1.2.77"

braces@^3.0.1:
  version "3.0.2"
  resolved "https://registry.nlark.com/braces/download/braces-3.0.2.tgz#3454e1a462ee8d599e236df336cd9ea4f8afe107"
  integrity sha1-NFThpGLujVmeI23zNs2epPiv4Qc=
  dependencies:
    fill-range "^7.0.1"

commander@^7.1.0:
  version "7.2.0"
  resolved "https://registry.nlark.com/commander/download/commander-7.2.0.tgz?cache=0&sync_timestamp=1627359190297&other_urls=https%3A%2F%2Fregistry.nlark.com%2Fcommander%2Fdownload%2Fcommander-7.2.0.tgz#a36cb57d0b501ce108e4d20559a150a391d97ab7"
  integrity sha1-o2y1fQtQHOEI5NIFWaFQo5HZerc=

fast-glob@^3.2.5:
  version "3.2.7"
  resolved "https://registry.nlark.com/fast-glob/download/fast-glob-3.2.7.tgz?cache=0&sync_timestamp=1625773305786&other_urls=https%3A%2F%2Fregistry.nlark.com%2Ffast-glob%2Fdownload%2Ffast-glob-3.2.7.tgz#fd6cb7a2d7e9aa7a7846111e85a196d6b2f766a1"
  integrity sha1-/Wy3otfpqnp4RhEehaGW1rL3ZqE=
  dependencies:
    "@nodelib/fs.stat" "^2.0.2"
    "@nodelib/fs.walk" "^1.2.3"
    glob-parent "^5.1.2"
    merge2 "^1.3.0"
    micromatch "^4.0.4"

fastq@^1.6.0:
  version "1.11.1"
  resolved "https://registry.nlark.com/fastq/download/fastq-1.11.1.tgz?cache=0&sync_timestamp=1625392987776&other_urls=https%3A%2F%2Fregistry.nlark.com%2Ffastq%2Fdownload%2Ffastq-1.11.1.tgz#5d8175aae17db61947f8b162cfc7f63264d22807"
  integrity sha1-XYF1quF9thlH+LFiz8f2MmTSKAc=
  dependencies:
    reusify "^1.0.4"

fill-range@^7.0.1:
  version "7.0.1"
  resolved "https://registry.nlark.com/fill-range/download/fill-range-7.0.1.tgz#1919a6a7c75fe38b2c7c77e5198535da9acdda40"
  integrity sha1-GRmmp8df44ssfHflGYU12prN2kA=
  dependencies:
    to-regex-range "^5.0.1"

glob-parent@^5.1.2:
  version "5.1.2"
  resolved "https://registry.nlark.com/glob-parent/download/glob-parent-5.1.2.tgz#869832c58034fe68a4093c17dc15e8340d8401c4"
  integrity sha1-hpgyxYA0/mikCTwX3BXoNA2EAcQ=
  dependencies:
    is-glob "^4.0.1"

is-extglob@^2.1.1:
  version "2.1.1"
  resolved "https://registry.nlark.com/is-extglob/download/is-extglob-2.1.1.tgz#a88c02535791f02ed37c76a1b9ea9773c833f8c2"
  integrity sha1-qIwCU1eR8C7TfHahueqXc8gz+MI=

is-glob@^4.0.1:
  version "4.0.1"
  resolved "https://registry.nlark.com/is-glob/download/is-glob-4.0.1.tgz#7567dbe9f2f5e2467bc77ab83c4a29482407a5dc"
  integrity sha1-dWfb6fL14kZ7x3q4PEopSCQHpdw=
  dependencies:
    is-extglob "^2.1.1"

is-number@^7.0.0:
  version "7.0.0"
  resolved "https://registry.nlark.com/is-number/download/is-number-7.0.0.tgz#7535345b896734d5f80c4d06c50955527a14f12b"
  integrity sha1-dTU0W4lnNNX4DE0GxQlVUnoU8Ss=

merge2@^1.3.0:
  version "1.4.1"
  resolved "https://registry.nlark.com/merge2/download/merge2-1.4.1.tgz#4368892f885e907455a6fd7dc55c0c9d404990ae"
  integrity sha1-Q2iJL4hekHRVpv19xVwMnUBJkK4=

micromatch@^4.0.4:
  version "4.0.4"
  resolved "https://registry.nlark.com/micromatch/download/micromatch-4.0.4.tgz#896d519dfe9db25fce94ceb7a500919bf881ebf9"
  integrity sha1-iW1Rnf6dsl/OlM63pQCRm/iB6/k=
  dependencies:
    braces "^3.0.1"
    picomatch "^2.2.3"

picomatch@^2.2.3:
  version "2.3.0"
  resolved "https://registry.nlark.com/picomatch/download/picomatch-2.3.0.tgz#f1f061de8f6a4bf022892e2d128234fb98302972"
  integrity sha1-8fBh3o9qS/AiiS4tEoI0+5gwKXI=

queue-microtask@^1.2.2:
  version "1.2.3"
  resolved "https://registry.nlark.com/queue-microtask/download/queue-microtask-1.2.3.tgz#4929228bbc724dfac43e0efb058caf7b6cfb6243"
  integrity sha1-SSkii7xyTfrEPg77BYyve2z7YkM=

reusify@^1.0.4:
  version "1.0.4"
  resolved "https://registry.nlark.com/reusify/download/reusify-1.0.4.tgz#90da382b1e126efc02146e90845a88db12925d76"
  integrity sha1-kNo4Kx4SbvwCFG6QhFqI2xKSXXY=

run-parallel@^1.1.9:
  version "1.2.0"
  resolved "https://registry.nlark.com/run-parallel/download/run-parallel-1.2.0.tgz#66d1368da7bdf921eb9d95bd1a9229e7f21a43ee"
  integrity sha1-ZtE2jae9+SHrnZW9GpIp5/IaQ+4=
  dependencies:
    queue-microtask "^1.2.2"

slash@3.0.0:
  version "3.0.0"
  resolved "https://registry.nlark.com/slash/download/slash-3.0.0.tgz#6539be870c165adbd5240220dbe361f1bc4d4634"
  integrity sha1-ZTm+hwwWWtvVJAIg2+Nh8bxNRjQ=

source-map@^0.7.3:
  version "0.7.3"
  resolved "https://registry.nlark.com/source-map/download/source-map-0.7.3.tgz#5302f8169031735226544092e64981f751750383"
  integrity sha1-UwL4FpAxc1ImVECS5kmB91F1A4M=

to-regex-range@^5.0.1:
  version "5.0.1"
  resolved "https://registry.nlark.com/to-regex-range/download/to-regex-range-5.0.1.tgz#1648c44aae7c8d988a326018ed72f5b4dd0392e4"
  integrity sha1-FkjESq58jZiKMmAY7XL1tN0DkuQ=
  dependencies:
    is-number "^7.0.0"
